// !$*UTF8*$!
{
	archiveVersion = 1;
	classes = {
	};
	objectVersion = 51;
	objects = {

/* Begin PBXBuildFile section */
		058557BB273AAA24004C7B11 /* Assets.xcassets in Resources */ = {isa = PBXBuildFile; fileRef = 058557BA273AAA24004C7B11 /* Assets.xcassets */; };
		058557D9273AAEEB004C7B11 /* Preview Assets.xcassets in Resources */ = {isa = PBXBuildFile; fileRef = 058557D8273AAEEB004C7B11 /* Preview Assets.xcassets */; };
		2152FB042600AC8F00CF470E /* HyperskillApp.swift in Sources */ = {isa = PBXBuildFile; fileRef = 2152FB032600AC8F00CF470E /* HyperskillApp.swift */; };
		2C005DCA27EF5AE500DC6503 /* UsersListRowView.swift in Sources */ = {isa = PBXBuildFile; fileRef = 2C005DC927EF5AE500DC6503 /* UsersListRowView.swift */; };
		2C005DCC27EF5B0300DC6503 /* GoogleServiceInfo.swift in Sources */ = {isa = PBXBuildFile; fileRef = 2C005DCB27EF5B0300DC6503 /* GoogleServiceInfo.swift */; };
		2C005DCE27EF5B4400DC6503 /* AppView.swift in Sources */ = {isa = PBXBuildFile; fileRef = 2C005DCD27EF5B4400DC6503 /* AppView.swift */; };
		2C1DEE3027EC408D0001A567 /* UsersListAssembly.swift in Sources */ = {isa = PBXBuildFile; fileRef = 2C1DEE2F27EC408D0001A567 /* UsersListAssembly.swift */; };
		2C1F5869280D063800372A37 /* WebViewController.swift in Sources */ = {isa = PBXBuildFile; fileRef = 2C1F5868280D063800372A37 /* WebViewController.swift */; };
		2C1F586B280D094A00372A37 /* WebControllerManager.swift in Sources */ = {isa = PBXBuildFile; fileRef = 2C1F586A280D094A00372A37 /* WebControllerManager.swift */; };
		2C1F5870280D0CB700372A37 /* WebCacheCleaner.swift in Sources */ = {isa = PBXBuildFile; fileRef = 2C1F586F280D0CB700372A37 /* WebCacheCleaner.swift */; };
		2C1F5875280D0E0000372A37 /* WKWebViewPanelManager.m in Sources */ = {isa = PBXBuildFile; fileRef = 2C1F5874280D0E0000372A37 /* WKWebViewPanelManager.m */; };
		2C1F5877280D2B4800372A37 /* ApplicationInfo.swift in Sources */ = {isa = PBXBuildFile; fileRef = 2C1F5876280D2B4800372A37 /* ApplicationInfo.swift */; };
		2C1F5879280D2D1300372A37 /* WebOAuthURLParser.swift in Sources */ = {isa = PBXBuildFile; fileRef = 2C1F5878280D2D1300372A37 /* WebOAuthURLParser.swift */; };
		2C1F587B280D2E5100372A37 /* URLExtensions.swift in Sources */ = {isa = PBXBuildFile; fileRef = 2C1F587A280D2E5100372A37 /* URLExtensions.swift */; };
		2C1F587E280D2F9200372A37 /* URLExtensionsTests.swift in Sources */ = {isa = PBXBuildFile; fileRef = 2C1F587D280D2F9200372A37 /* URLExtensionsTests.swift */; };
		2C1F5882280D5BAA00372A37 /* SocialAuthService.swift in Sources */ = {isa = PBXBuildFile; fileRef = 2C1F5881280D5BAA00372A37 /* SocialAuthService.swift */; };
		2C1F5888280D5D6200372A37 /* SocialAuthSDKProvider.swift in Sources */ = {isa = PBXBuildFile; fileRef = 2C1F5887280D5D6200372A37 /* SocialAuthSDKProvider.swift */; };
		2C1F588B280D8C8600372A37 /* GoogleSocialAuthSDKProvider.swift in Sources */ = {isa = PBXBuildFile; fileRef = 2C1F588A280D8C8600372A37 /* GoogleSocialAuthSDKProvider.swift */; };
		2C2FD61E28191EC0004E7AF6 /* SentryManager.swift in Sources */ = {isa = PBXBuildFile; fileRef = 2C2FD61D28191EC0004E7AF6 /* SentryManager.swift */; };
		2C2FD62028191FFE004E7AF6 /* Sentry-Info.plist in Resources */ = {isa = PBXBuildFile; fileRef = 2C2FD61F28191FFE004E7AF6 /* Sentry-Info.plist */; };
		2C2FD622281920B1004E7AF6 /* SentryInfo.swift in Sources */ = {isa = PBXBuildFile; fileRef = 2C2FD621281920B1004E7AF6 /* SentryInfo.swift */; };
		2C2FD62428192123004E7AF6 /* BundlePropertyListDeserializer.swift in Sources */ = {isa = PBXBuildFile; fileRef = 2C2FD62328192123004E7AF6 /* BundlePropertyListDeserializer.swift */; };
		2C42EFA827F2C03D00B4648B /* Localizable.strings in Resources */ = {isa = PBXBuildFile; fileRef = 2C42EFAA27F2C03D00B4648B /* Localizable.strings */; };
		2C42EFAD27F2C29500B4648B /* Strings.swift in Sources */ = {isa = PBXBuildFile; fileRef = 2C42EFAC27F2C29500B4648B /* Strings.swift */; };
		2C42EFB327F2EA7B00B4648B /* ResourcesStringResource+Localized.swift in Sources */ = {isa = PBXBuildFile; fileRef = 2C42EFB227F2EA7B00B4648B /* ResourcesStringResource+Localized.swift */; };
		2C42EFB527F2EAB300B4648B /* GraphicsColor+UIColor.swift in Sources */ = {isa = PBXBuildFile; fileRef = 2C42EFB427F2EAB300B4648B /* GraphicsColor+UIColor.swift */; };
		2C42EFB727F2EAF800B4648B /* ResourcesColorResourceThemed+UIColor.swift in Sources */ = {isa = PBXBuildFile; fileRef = 2C42EFB627F2EAF800B4648B /* ResourcesColorResourceThemed+UIColor.swift */; };
		2C46D0632807E4C100B3636E /* TextFieldWrapper.swift in Sources */ = {isa = PBXBuildFile; fileRef = 2C46D0622807E4C100B3636E /* TextFieldWrapper.swift */; };
		2C58DE232803BF97002A2774 /* AuthLogoView.swift in Sources */ = {isa = PBXBuildFile; fileRef = 2C58DE222803BF97002A2774 /* AuthLogoView.swift */; };
		2C58DE252803C185002A2774 /* AuthSocialControlsView.swift in Sources */ = {isa = PBXBuildFile; fileRef = 2C58DE242803C185002A2774 /* AuthSocialControlsView.swift */; };
		2C58DE292803D197002A2774 /* UIColor+DynamicColor.swift in Sources */ = {isa = PBXBuildFile; fileRef = 2C58DE282803D197002A2774 /* UIColor+DynamicColor.swift */; };
		2C58DE2B2803DEE2002A2774 /* VerticalCenteredScrollView.swift in Sources */ = {isa = PBXBuildFile; fileRef = 2C58DE2A2803DEE2002A2774 /* VerticalCenteredScrollView.swift */; };
		2C725B5E28090D1F00A49043 /* View+Border.swift in Sources */ = {isa = PBXBuildFile; fileRef = 2C725B5D28090D1F00A49043 /* View+Border.swift */; };
		2C725B612809125700A49043 /* LayoutInsets.swift in Sources */ = {isa = PBXBuildFile; fileRef = 2C725B602809125700A49043 /* LayoutInsets.swift */; };
		2C725B632809198000A49043 /* BackgroundView.swift in Sources */ = {isa = PBXBuildFile; fileRef = 2C725B622809198000A49043 /* BackgroundView.swift */; };
		2C84094F2805B28B009C6BE9 /* StepRatingControl.swift in Sources */ = {isa = PBXBuildFile; fileRef = 2C84094E2805B28B009C6BE9 /* StepRatingControl.swift */; };
		2C8409532805BF3C009C6BE9 /* StepContentView.swift in Sources */ = {isa = PBXBuildFile; fileRef = 2C8409522805BF3C009C6BE9 /* StepContentView.swift */; };
		2C863D932804279E0021EFED /* Require.swift in Sources */ = {isa = PBXBuildFile; fileRef = 2C863D922804279E0021EFED /* Require.swift */; };
		2C906CBE280E5D9C0079C594 /* ProgressHUD.swift in Sources */ = {isa = PBXBuildFile; fileRef = 2C906CBD280E5D9C0079C594 /* ProgressHUD.swift */; };
		2C919DE827EEEDD60022A2F2 /* LinkedList.swift in Sources */ = {isa = PBXBuildFile; fileRef = 2C919DE727EEEDD60022A2F2 /* LinkedList.swift */; };
		2C919E3327EEF92F0022A2F2 /* LinkedListTests.swift in Sources */ = {isa = PBXBuildFile; fileRef = 2C919E3227EEF92F0022A2F2 /* LinkedListTests.swift */; };
		2C919E3527EEFF110022A2F2 /* Queue.swift in Sources */ = {isa = PBXBuildFile; fileRef = 2C919E3427EEFF110022A2F2 /* Queue.swift */; };
		2C919E3727EF00950022A2F2 /* QueueTests.swift in Sources */ = {isa = PBXBuildFile; fileRef = 2C919E3627EF00950022A2F2 /* QueueTests.swift */; };
		2C9B66C427ECA73700569645 /* AppDelegate.swift in Sources */ = {isa = PBXBuildFile; fileRef = 2C9B66C327ECA73700569645 /* AppDelegate.swift */; };
		2C9B66E627ECA86B00569645 /* SceneDelegate.swift in Sources */ = {isa = PBXBuildFile; fileRef = 2C9B66E527ECA86B00569645 /* SceneDelegate.swift */; };
		2C9B66EB27ECAF5000569645 /* UIApplicationExtensions.swift in Sources */ = {isa = PBXBuildFile; fileRef = 2C9B66EA27ECAF5000569645 /* UIApplicationExtensions.swift */; };
		2C9CC1BD280920B5006604D7 /* KeyboardManager.swift in Sources */ = {isa = PBXBuildFile; fileRef = 2C9CC1BC280920B5006604D7 /* KeyboardManager.swift */; };
		2C9CC1BF28092E06006604D7 /* AuthAdaptiveContentView.swift in Sources */ = {isa = PBXBuildFile; fileRef = 2C9CC1BE28092E06006604D7 /* AuthAdaptiveContentView.swift */; };
		2CA8E093281039EB00154088 /* OutlineButtonStyle.swift in Sources */ = {isa = PBXBuildFile; fileRef = 2CA8E090281039EB00154088 /* OutlineButtonStyle.swift */; };
		2CA8E094281039EB00154088 /* RoundedRectangleButtonStyle.swift in Sources */ = {isa = PBXBuildFile; fileRef = 2CA8E091281039EB00154088 /* RoundedRectangleButtonStyle.swift */; };
		2CA8E095281039EB00154088 /* BounceButtonStyle.swift in Sources */ = {isa = PBXBuildFile; fileRef = 2CA8E092281039EB00154088 /* BounceButtonStyle.swift */; };
		2CAE8CF0280525BE00E6C83D /* StepViewModel.swift in Sources */ = {isa = PBXBuildFile; fileRef = 2CAE8CEF280525BE00E6C83D /* StepViewModel.swift */; };
		2CAE8CF2280525C900E6C83D /* StepView.swift in Sources */ = {isa = PBXBuildFile; fileRef = 2CAE8CF1280525C900E6C83D /* StepView.swift */; };
		2CAE8CF4280525D400E6C83D /* StepAssembly.swift in Sources */ = {isa = PBXBuildFile; fileRef = 2CAE8CF3280525D400E6C83D /* StepAssembly.swift */; };
		2CAE8CF728052F9600E6C83D /* StepHeaderView.swift in Sources */ = {isa = PBXBuildFile; fileRef = 2CAE8CF628052F9600E6C83D /* StepHeaderView.swift */; };
		2CAE8D0528055D8300E6C83D /* StepActionButton.swift in Sources */ = {isa = PBXBuildFile; fileRef = 2CAE8D0428055D8300E6C83D /* StepActionButton.swift */; };
		2CAE8D07280576C600E6C83D /* StepBottomControlsView.swift in Sources */ = {isa = PBXBuildFile; fileRef = 2CAE8D06280576C500E6C83D /* StepBottomControlsView.swift */; };
		2CAE8D092805789100E6C83D /* StepCommentsStatisticsView.swift in Sources */ = {isa = PBXBuildFile; fileRef = 2CAE8D082805789100E6C83D /* StepCommentsStatisticsView.swift */; };
		2CAE8D0C2805829A00E6C83D /* StepViewData.swift in Sources */ = {isa = PBXBuildFile; fileRef = 2CAE8D0B2805829A00E6C83D /* StepViewData.swift */; };
		2CAFD38F27FC517D00F88B0B /* ColorPalette.swift in Sources */ = {isa = PBXBuildFile; fileRef = 2CAFD38E27FC517D00F88B0B /* ColorPalette.swift */; };
		2CAFD39127FC5D5D00F88B0B /* Color+DesignSystem.swift in Sources */ = {isa = PBXBuildFile; fileRef = 2CAFD39027FC5D5D00F88B0B /* Color+DesignSystem.swift */; };
		2CC4AAF1280DB513002276A0 /* WebOAuthService.swift in Sources */ = {isa = PBXBuildFile; fileRef = 2CC4AAF0280DB513002276A0 /* WebOAuthService.swift */; };
		2CCF3B5828004FC40075D12C /* UserAgentBuilder.swift in Sources */ = {isa = PBXBuildFile; fileRef = 2CCF3B5728004FC40075D12C /* UserAgentBuilder.swift */; };
		2CCF3B5A280050890075D12C /* DeviceInfo.swift in Sources */ = {isa = PBXBuildFile; fileRef = 2CCF3B59280050890075D12C /* DeviceInfo.swift */; };
		2CE1C4DF27EDFB3800220041 /* FeatureViewModel.swift in Sources */ = {isa = PBXBuildFile; fileRef = 2CE1C4DE27EDFB3800220041 /* FeatureViewModel.swift */; };
		2CE2817927E8EF1E00641E22 /* GoogleService-Info.plist in Resources */ = {isa = PBXBuildFile; fileRef = 2CE2817827E8EF1E00641E22 /* GoogleService-Info.plist */; };
		2CE31F4827F1BB79008EEE66 /* AuthSocialAssembly.swift in Sources */ = {isa = PBXBuildFile; fileRef = 2CE31F4727F1BB79008EEE66 /* AuthSocialAssembly.swift */; };
		2CE31F4B27F1E070008EEE66 /* AppViewModel.swift in Sources */ = {isa = PBXBuildFile; fileRef = 2CE31F4A27F1E070008EEE66 /* AppViewModel.swift */; };
		2CE31F4D27F1E0C8008EEE66 /* AppAssembly.swift in Sources */ = {isa = PBXBuildFile; fileRef = 2CE31F4C27F1E0C8008EEE66 /* AppAssembly.swift */; };
		2CF2DA3A27EC5B2D0055426D /* Assembly.swift in Sources */ = {isa = PBXBuildFile; fileRef = 2CF2DA3927EC5B2D0055426D /* Assembly.swift */; };
		2CF2DA3E27EC5C180055426D /* UsersListView.swift in Sources */ = {isa = PBXBuildFile; fileRef = 2CF2DA3D27EC5C180055426D /* UsersListView.swift */; };
		2CF2DA4127EC75000055426D /* UsersListViewModel.swift in Sources */ = {isa = PBXBuildFile; fileRef = 2CF2DA4027EC75000055426D /* UsersListViewModel.swift */; };
		40D8E6EFE44EB7A6092C171B /* Pods_iosHyperskillApp.framework in Frameworks */ = {isa = PBXBuildFile; fileRef = 9C0F8A86D62CB915A1E49CAA /* Pods_iosHyperskillApp.framework */; };
		E92D659727FC2F4100953029 /* AuthSocialButton.swift in Sources */ = {isa = PBXBuildFile; fileRef = E92D659627FC2F4100953029 /* AuthSocialButton.swift */; };
		E94D238D28057F440003273F /* AuthEmailView.swift in Sources */ = {isa = PBXBuildFile; fileRef = E94D238C28057F440003273F /* AuthEmailView.swift */; };
		E94D238F280585110003273F /* AuthEmailFormView.swift in Sources */ = {isa = PBXBuildFile; fileRef = E94D238E280585110003273F /* AuthEmailFormView.swift */; };
		E94EC7D528201E4E00A81580 /* QuizDescView.swift in Sources */ = {isa = PBXBuildFile; fileRef = E94EC7D428201E4E00A81580 /* QuizDescView.swift */; };
		E94EC7D728201E9D00A81580 /* SingleOptionChoiceView.swift in Sources */ = {isa = PBXBuildFile; fileRef = E94EC7D628201E9D00A81580 /* SingleOptionChoiceView.swift */; };
		E951757927E61ACD00995008 /* AuthSocialView.swift in Sources */ = {isa = PBXBuildFile; fileRef = E951757827E61ACD00995008 /* AuthSocialView.swift */; };
		E96E80F627EF57BA00AA6683 /* AuthSocialViewModel.swift in Sources */ = {isa = PBXBuildFile; fileRef = E96E80F527EF57BA00AA6683 /* AuthSocialViewModel.swift */; };
		E9802D07281BB5CC00CF3AC1 /* ChoiceQuizView.swift in Sources */ = {isa = PBXBuildFile; fileRef = E9802D06281BB5CC00CF3AC1 /* ChoiceQuizView.swift */; };
		E99D4CEB2826A30D00B49D52 /* NavigationBar.swift in Sources */ = {isa = PBXBuildFile; fileRef = E99D4CEA2826A30D00B49D52 /* NavigationBar.swift */; };
		E99D4CED2826A37400B49D52 /* NavigationToolbar.swift in Sources */ = {isa = PBXBuildFile; fileRef = E99D4CEC2826A37400B49D52 /* NavigationToolbar.swift */; };
		E99D4CEF2826B91100B49D52 /* QuizStatusView.swift in Sources */ = {isa = PBXBuildFile; fileRef = E99D4CEE2826B91100B49D52 /* QuizStatusView.swift */; };
		E9B2CF5B2822960D00B2DC6F /* QuizDiscussions.swift in Sources */ = {isa = PBXBuildFile; fileRef = E9B2CF5A2822960D00B2DC6F /* QuizDiscussions.swift */; };
		E9B2CF5D2822975400B2DC6F /* QuizStatView.swift in Sources */ = {isa = PBXBuildFile; fileRef = E9B2CF5C2822975400B2DC6F /* QuizStatView.swift */; };
		E9B2CF5F2822979400B2DC6F /* HintButton.swift in Sources */ = {isa = PBXBuildFile; fileRef = E9B2CF5E2822979400B2DC6F /* HintButton.swift */; };
		E9B2CF6528229F0D00B2DC6F /* QuizNavigationToolbar.swift in Sources */ = {isa = PBXBuildFile; fileRef = E9B2CF6428229F0D00B2DC6F /* QuizNavigationToolbar.swift */; };
		E9B2CF672822A57400B2DC6F /* SingleOptionView.swift in Sources */ = {isa = PBXBuildFile; fileRef = E9B2CF662822A57400B2DC6F /* SingleOptionView.swift */; };
		E9B2CF692822A5D400B2DC6F /* QuizOption.swift in Sources */ = {isa = PBXBuildFile; fileRef = E9B2CF682822A5D400B2DC6F /* QuizOption.swift */; };
		E9B2CF6D2822AE5F00B2DC6F /* FeedbackView.swift in Sources */ = {isa = PBXBuildFile; fileRef = E9B2CF6C2822AE5F00B2DC6F /* FeedbackView.swift */; };
		E9B3A18C2828093800FE248B /* QuizActionButton.swift in Sources */ = {isa = PBXBuildFile; fileRef = E9B3A18B2828093800FE248B /* QuizActionButton.swift */; };
		E9C8C5672822B7FA005A81EB /* MultipleOptionChoiceView.swift in Sources */ = {isa = PBXBuildFile; fileRef = E9C8C5662822B7FA005A81EB /* MultipleOptionChoiceView.swift */; };
		E9C8C5692822B897005A81EB /* ChoiceView.swift in Sources */ = {isa = PBXBuildFile; fileRef = E9C8C5682822B897005A81EB /* ChoiceView.swift */; };
		E9C8C56B2822BB04005A81EB /* MultipleOptionView.swift in Sources */ = {isa = PBXBuildFile; fileRef = E9C8C56A2822BB04005A81EB /* MultipleOptionView.swift */; };
		E9D69A4028084FF7000E114E /* AuthEmailErrorView.swift in Sources */ = {isa = PBXBuildFile; fileRef = E9D69A3F28084FF7000E114E /* AuthEmailErrorView.swift */; };
/* End PBXBuildFile section */

/* Begin PBXContainerItemProxy section */
		2C919DF127EEF5BC0022A2F2 /* PBXContainerItemProxy */ = {
			isa = PBXContainerItemProxy;
			containerPortal = 7555FF73242A565900829871 /* Project object */;
			proxyType = 1;
			remoteGlobalIDString = 7555FF7A242A565900829871;
			remoteInfo = iosHyperskillApp;
		};
/* End PBXContainerItemProxy section */

/* Begin PBXFileReference section */
		058557BA273AAA24004C7B11 /* Assets.xcassets */ = {isa = PBXFileReference; lastKnownFileType = folder.assetcatalog; path = Assets.xcassets; sourceTree = "<group>"; };
		058557D8273AAEEB004C7B11 /* Preview Assets.xcassets */ = {isa = PBXFileReference; lastKnownFileType = folder.assetcatalog; path = "Preview Assets.xcassets"; sourceTree = "<group>"; };
		2152FB032600AC8F00CF470E /* HyperskillApp.swift */ = {isa = PBXFileReference; lastKnownFileType = sourcecode.swift; path = HyperskillApp.swift; sourceTree = "<group>"; };
		2C005DC927EF5AE500DC6503 /* UsersListRowView.swift */ = {isa = PBXFileReference; fileEncoding = 4; lastKnownFileType = sourcecode.swift; path = UsersListRowView.swift; sourceTree = "<group>"; };
		2C005DCB27EF5B0300DC6503 /* GoogleServiceInfo.swift */ = {isa = PBXFileReference; fileEncoding = 4; lastKnownFileType = sourcecode.swift; path = GoogleServiceInfo.swift; sourceTree = "<group>"; };
		2C005DCD27EF5B4400DC6503 /* AppView.swift */ = {isa = PBXFileReference; fileEncoding = 4; lastKnownFileType = sourcecode.swift; path = AppView.swift; sourceTree = "<group>"; };
		2C1DEE2F27EC408D0001A567 /* UsersListAssembly.swift */ = {isa = PBXFileReference; lastKnownFileType = sourcecode.swift; path = UsersListAssembly.swift; sourceTree = "<group>"; };
		2C1F5868280D063800372A37 /* WebViewController.swift */ = {isa = PBXFileReference; lastKnownFileType = sourcecode.swift; path = WebViewController.swift; sourceTree = "<group>"; };
		2C1F586A280D094A00372A37 /* WebControllerManager.swift */ = {isa = PBXFileReference; lastKnownFileType = sourcecode.swift; path = WebControllerManager.swift; sourceTree = "<group>"; };
		2C1F586F280D0CB700372A37 /* WebCacheCleaner.swift */ = {isa = PBXFileReference; lastKnownFileType = sourcecode.swift; path = WebCacheCleaner.swift; sourceTree = "<group>"; };
		2C1F5872280D0E0000372A37 /* iosHyperskillApp-Bridging-Header.h */ = {isa = PBXFileReference; lastKnownFileType = sourcecode.c.h; path = "iosHyperskillApp-Bridging-Header.h"; sourceTree = "<group>"; };
		2C1F5873280D0E0000372A37 /* WKWebViewPanelManager.h */ = {isa = PBXFileReference; lastKnownFileType = sourcecode.c.h; path = WKWebViewPanelManager.h; sourceTree = "<group>"; };
		2C1F5874280D0E0000372A37 /* WKWebViewPanelManager.m */ = {isa = PBXFileReference; lastKnownFileType = sourcecode.c.objc; path = WKWebViewPanelManager.m; sourceTree = "<group>"; };
		2C1F5876280D2B4800372A37 /* ApplicationInfo.swift */ = {isa = PBXFileReference; lastKnownFileType = sourcecode.swift; path = ApplicationInfo.swift; sourceTree = "<group>"; };
		2C1F5878280D2D1300372A37 /* WebOAuthURLParser.swift */ = {isa = PBXFileReference; lastKnownFileType = sourcecode.swift; path = WebOAuthURLParser.swift; sourceTree = "<group>"; };
		2C1F587A280D2E5100372A37 /* URLExtensions.swift */ = {isa = PBXFileReference; lastKnownFileType = sourcecode.swift; path = URLExtensions.swift; sourceTree = "<group>"; };
		2C1F587D280D2F9200372A37 /* URLExtensionsTests.swift */ = {isa = PBXFileReference; lastKnownFileType = sourcecode.swift; path = URLExtensionsTests.swift; sourceTree = "<group>"; };
		2C1F5881280D5BAA00372A37 /* SocialAuthService.swift */ = {isa = PBXFileReference; lastKnownFileType = sourcecode.swift; path = SocialAuthService.swift; sourceTree = "<group>"; };
		2C1F5887280D5D6200372A37 /* SocialAuthSDKProvider.swift */ = {isa = PBXFileReference; lastKnownFileType = sourcecode.swift; path = SocialAuthSDKProvider.swift; sourceTree = "<group>"; };
		2C1F588A280D8C8600372A37 /* GoogleSocialAuthSDKProvider.swift */ = {isa = PBXFileReference; lastKnownFileType = sourcecode.swift; path = GoogleSocialAuthSDKProvider.swift; sourceTree = "<group>"; };
		2C2FD61D28191EC0004E7AF6 /* SentryManager.swift */ = {isa = PBXFileReference; lastKnownFileType = sourcecode.swift; path = SentryManager.swift; sourceTree = "<group>"; };
		2C2FD61F28191FFE004E7AF6 /* Sentry-Info.plist */ = {isa = PBXFileReference; lastKnownFileType = text.plist.xml; path = "Sentry-Info.plist"; sourceTree = "<group>"; };
		2C2FD621281920B1004E7AF6 /* SentryInfo.swift */ = {isa = PBXFileReference; lastKnownFileType = sourcecode.swift; path = SentryInfo.swift; sourceTree = "<group>"; };
		2C2FD62328192123004E7AF6 /* BundlePropertyListDeserializer.swift */ = {isa = PBXFileReference; lastKnownFileType = sourcecode.swift; path = BundlePropertyListDeserializer.swift; sourceTree = "<group>"; };
		2C42EFA927F2C03D00B4648B /* en */ = {isa = PBXFileReference; lastKnownFileType = text.plist.strings; name = en; path = en.lproj/Localizable.strings; sourceTree = "<group>"; };
		2C42EFAC27F2C29500B4648B /* Strings.swift */ = {isa = PBXFileReference; lastKnownFileType = sourcecode.swift; path = Strings.swift; sourceTree = "<group>"; };
		2C42EFB227F2EA7B00B4648B /* ResourcesStringResource+Localized.swift */ = {isa = PBXFileReference; lastKnownFileType = sourcecode.swift; path = "ResourcesStringResource+Localized.swift"; sourceTree = "<group>"; };
		2C42EFB427F2EAB300B4648B /* GraphicsColor+UIColor.swift */ = {isa = PBXFileReference; lastKnownFileType = sourcecode.swift; path = "GraphicsColor+UIColor.swift"; sourceTree = "<group>"; };
		2C42EFB627F2EAF800B4648B /* ResourcesColorResourceThemed+UIColor.swift */ = {isa = PBXFileReference; lastKnownFileType = sourcecode.swift; path = "ResourcesColorResourceThemed+UIColor.swift"; sourceTree = "<group>"; };
		2C46D0622807E4C100B3636E /* TextFieldWrapper.swift */ = {isa = PBXFileReference; lastKnownFileType = sourcecode.swift; path = TextFieldWrapper.swift; sourceTree = "<group>"; };
		2C58DE222803BF97002A2774 /* AuthLogoView.swift */ = {isa = PBXFileReference; lastKnownFileType = sourcecode.swift; path = AuthLogoView.swift; sourceTree = "<group>"; };
		2C58DE242803C185002A2774 /* AuthSocialControlsView.swift */ = {isa = PBXFileReference; lastKnownFileType = sourcecode.swift; path = AuthSocialControlsView.swift; sourceTree = "<group>"; };
		2C58DE282803D197002A2774 /* UIColor+DynamicColor.swift */ = {isa = PBXFileReference; lastKnownFileType = sourcecode.swift; path = "UIColor+DynamicColor.swift"; sourceTree = "<group>"; };
		2C58DE2A2803DEE2002A2774 /* VerticalCenteredScrollView.swift */ = {isa = PBXFileReference; lastKnownFileType = sourcecode.swift; path = VerticalCenteredScrollView.swift; sourceTree = "<group>"; };
		2C725B5D28090D1F00A49043 /* View+Border.swift */ = {isa = PBXFileReference; lastKnownFileType = sourcecode.swift; path = "View+Border.swift"; sourceTree = "<group>"; };
		2C725B602809125700A49043 /* LayoutInsets.swift */ = {isa = PBXFileReference; lastKnownFileType = sourcecode.swift; path = LayoutInsets.swift; sourceTree = "<group>"; };
		2C725B622809198000A49043 /* BackgroundView.swift */ = {isa = PBXFileReference; lastKnownFileType = sourcecode.swift; path = BackgroundView.swift; sourceTree = "<group>"; };
		2C84094E2805B28B009C6BE9 /* StepRatingControl.swift */ = {isa = PBXFileReference; lastKnownFileType = sourcecode.swift; path = StepRatingControl.swift; sourceTree = "<group>"; };
		2C8409522805BF3C009C6BE9 /* StepContentView.swift */ = {isa = PBXFileReference; lastKnownFileType = sourcecode.swift; path = StepContentView.swift; sourceTree = "<group>"; };
		2C863D922804279E0021EFED /* Require.swift */ = {isa = PBXFileReference; lastKnownFileType = sourcecode.swift; path = Require.swift; sourceTree = "<group>"; };
		2C906CBD280E5D9C0079C594 /* ProgressHUD.swift */ = {isa = PBXFileReference; lastKnownFileType = sourcecode.swift; path = ProgressHUD.swift; sourceTree = "<group>"; };
		2C919DE727EEEDD60022A2F2 /* LinkedList.swift */ = {isa = PBXFileReference; lastKnownFileType = sourcecode.swift; path = LinkedList.swift; sourceTree = "<group>"; };
		2C919DED27EEF5BC0022A2F2 /* iosHyperskillAppTests.xctest */ = {isa = PBXFileReference; explicitFileType = wrapper.cfbundle; includeInIndex = 0; path = iosHyperskillAppTests.xctest; sourceTree = BUILT_PRODUCTS_DIR; };
		2C919E3227EEF92F0022A2F2 /* LinkedListTests.swift */ = {isa = PBXFileReference; lastKnownFileType = sourcecode.swift; path = LinkedListTests.swift; sourceTree = "<group>"; };
		2C919E3427EEFF110022A2F2 /* Queue.swift */ = {isa = PBXFileReference; lastKnownFileType = sourcecode.swift; path = Queue.swift; sourceTree = "<group>"; };
		2C919E3627EF00950022A2F2 /* QueueTests.swift */ = {isa = PBXFileReference; lastKnownFileType = sourcecode.swift; path = QueueTests.swift; sourceTree = "<group>"; };
		2C9B66C327ECA73700569645 /* AppDelegate.swift */ = {isa = PBXFileReference; lastKnownFileType = sourcecode.swift; path = AppDelegate.swift; sourceTree = "<group>"; };
		2C9B66E527ECA86B00569645 /* SceneDelegate.swift */ = {isa = PBXFileReference; lastKnownFileType = sourcecode.swift; path = SceneDelegate.swift; sourceTree = "<group>"; };
		2C9B66EA27ECAF5000569645 /* UIApplicationExtensions.swift */ = {isa = PBXFileReference; lastKnownFileType = sourcecode.swift; path = UIApplicationExtensions.swift; sourceTree = "<group>"; };
		2C9CC1BC280920B5006604D7 /* KeyboardManager.swift */ = {isa = PBXFileReference; lastKnownFileType = sourcecode.swift; path = KeyboardManager.swift; sourceTree = "<group>"; };
		2C9CC1BE28092E06006604D7 /* AuthAdaptiveContentView.swift */ = {isa = PBXFileReference; lastKnownFileType = sourcecode.swift; path = AuthAdaptiveContentView.swift; sourceTree = "<group>"; };
		2CA8E090281039EB00154088 /* OutlineButtonStyle.swift */ = {isa = PBXFileReference; fileEncoding = 4; lastKnownFileType = sourcecode.swift; path = OutlineButtonStyle.swift; sourceTree = "<group>"; };
		2CA8E091281039EB00154088 /* RoundedRectangleButtonStyle.swift */ = {isa = PBXFileReference; fileEncoding = 4; lastKnownFileType = sourcecode.swift; path = RoundedRectangleButtonStyle.swift; sourceTree = "<group>"; };
		2CA8E092281039EB00154088 /* BounceButtonStyle.swift */ = {isa = PBXFileReference; fileEncoding = 4; lastKnownFileType = sourcecode.swift; path = BounceButtonStyle.swift; sourceTree = "<group>"; };
		2CAE8CEF280525BE00E6C83D /* StepViewModel.swift */ = {isa = PBXFileReference; lastKnownFileType = sourcecode.swift; path = StepViewModel.swift; sourceTree = "<group>"; };
		2CAE8CF1280525C900E6C83D /* StepView.swift */ = {isa = PBXFileReference; lastKnownFileType = sourcecode.swift; path = StepView.swift; sourceTree = "<group>"; };
		2CAE8CF3280525D400E6C83D /* StepAssembly.swift */ = {isa = PBXFileReference; lastKnownFileType = sourcecode.swift; path = StepAssembly.swift; sourceTree = "<group>"; };
		2CAE8CF628052F9600E6C83D /* StepHeaderView.swift */ = {isa = PBXFileReference; lastKnownFileType = sourcecode.swift; path = StepHeaderView.swift; sourceTree = "<group>"; };
		2CAE8D0428055D8300E6C83D /* StepActionButton.swift */ = {isa = PBXFileReference; lastKnownFileType = sourcecode.swift; path = StepActionButton.swift; sourceTree = "<group>"; };
		2CAE8D06280576C500E6C83D /* StepBottomControlsView.swift */ = {isa = PBXFileReference; lastKnownFileType = sourcecode.swift; path = StepBottomControlsView.swift; sourceTree = "<group>"; };
		2CAE8D082805789100E6C83D /* StepCommentsStatisticsView.swift */ = {isa = PBXFileReference; lastKnownFileType = sourcecode.swift; path = StepCommentsStatisticsView.swift; sourceTree = "<group>"; };
		2CAE8D0B2805829A00E6C83D /* StepViewData.swift */ = {isa = PBXFileReference; lastKnownFileType = sourcecode.swift; path = StepViewData.swift; sourceTree = "<group>"; };
		2CAFD38E27FC517D00F88B0B /* ColorPalette.swift */ = {isa = PBXFileReference; lastKnownFileType = sourcecode.swift; path = ColorPalette.swift; sourceTree = "<group>"; };
		2CAFD39027FC5D5D00F88B0B /* Color+DesignSystem.swift */ = {isa = PBXFileReference; lastKnownFileType = sourcecode.swift; path = "Color+DesignSystem.swift"; sourceTree = "<group>"; };
		2CC4AAF0280DB513002276A0 /* WebOAuthService.swift */ = {isa = PBXFileReference; lastKnownFileType = sourcecode.swift; path = WebOAuthService.swift; sourceTree = "<group>"; };
		2CCF3B5728004FC40075D12C /* UserAgentBuilder.swift */ = {isa = PBXFileReference; lastKnownFileType = sourcecode.swift; path = UserAgentBuilder.swift; sourceTree = "<group>"; };
		2CCF3B59280050890075D12C /* DeviceInfo.swift */ = {isa = PBXFileReference; lastKnownFileType = sourcecode.swift; path = DeviceInfo.swift; sourceTree = "<group>"; };
		2CE1C4DE27EDFB3800220041 /* FeatureViewModel.swift */ = {isa = PBXFileReference; lastKnownFileType = sourcecode.swift; path = FeatureViewModel.swift; sourceTree = "<group>"; };
		2CE2817827E8EF1E00641E22 /* GoogleService-Info.plist */ = {isa = PBXFileReference; fileEncoding = 4; lastKnownFileType = text.plist.xml; path = "GoogleService-Info.plist"; sourceTree = "<group>"; };
		2CE31F4727F1BB79008EEE66 /* AuthSocialAssembly.swift */ = {isa = PBXFileReference; lastKnownFileType = sourcecode.swift; path = AuthSocialAssembly.swift; sourceTree = "<group>"; };
		2CE31F4A27F1E070008EEE66 /* AppViewModel.swift */ = {isa = PBXFileReference; lastKnownFileType = sourcecode.swift; path = AppViewModel.swift; sourceTree = "<group>"; };
		2CE31F4C27F1E0C8008EEE66 /* AppAssembly.swift */ = {isa = PBXFileReference; lastKnownFileType = sourcecode.swift; path = AppAssembly.swift; sourceTree = "<group>"; };
		2CF2DA3927EC5B2D0055426D /* Assembly.swift */ = {isa = PBXFileReference; lastKnownFileType = sourcecode.swift; path = Assembly.swift; sourceTree = "<group>"; };
		2CF2DA3D27EC5C180055426D /* UsersListView.swift */ = {isa = PBXFileReference; lastKnownFileType = sourcecode.swift; path = UsersListView.swift; sourceTree = "<group>"; };
		2CF2DA4027EC75000055426D /* UsersListViewModel.swift */ = {isa = PBXFileReference; lastKnownFileType = sourcecode.swift; path = UsersListViewModel.swift; sourceTree = "<group>"; };
		2D7F5C51275BBB18DCE9ACE9 /* Pods-iosHyperskillApp.debug.xcconfig */ = {isa = PBXFileReference; includeInIndex = 1; lastKnownFileType = text.xcconfig; name = "Pods-iosHyperskillApp.debug.xcconfig"; path = "Target Support Files/Pods-iosHyperskillApp/Pods-iosHyperskillApp.debug.xcconfig"; sourceTree = "<group>"; };
		515FEBC2A5D8EFBA7FB80795 /* Pods-iosHyperskillApp.release.xcconfig */ = {isa = PBXFileReference; includeInIndex = 1; lastKnownFileType = text.xcconfig; name = "Pods-iosHyperskillApp.release.xcconfig"; path = "Target Support Files/Pods-iosHyperskillApp/Pods-iosHyperskillApp.release.xcconfig"; sourceTree = "<group>"; };
		7555FF7B242A565900829871 /* iosHyperskillApp.app */ = {isa = PBXFileReference; explicitFileType = wrapper.application; includeInIndex = 0; path = iosHyperskillApp.app; sourceTree = BUILT_PRODUCTS_DIR; };
		7555FF8C242A565B00829871 /* Info.plist */ = {isa = PBXFileReference; lastKnownFileType = text.plist.xml; path = Info.plist; sourceTree = "<group>"; };
		9C0F8A86D62CB915A1E49CAA /* Pods_iosHyperskillApp.framework */ = {isa = PBXFileReference; explicitFileType = wrapper.framework; includeInIndex = 0; path = Pods_iosHyperskillApp.framework; sourceTree = BUILT_PRODUCTS_DIR; };
		E92D659627FC2F4100953029 /* AuthSocialButton.swift */ = {isa = PBXFileReference; lastKnownFileType = sourcecode.swift; path = AuthSocialButton.swift; sourceTree = "<group>"; };
		E94D238C28057F440003273F /* AuthEmailView.swift */ = {isa = PBXFileReference; lastKnownFileType = sourcecode.swift; path = AuthEmailView.swift; sourceTree = "<group>"; };
		E94D238E280585110003273F /* AuthEmailFormView.swift */ = {isa = PBXFileReference; lastKnownFileType = sourcecode.swift; path = AuthEmailFormView.swift; sourceTree = "<group>"; };
		E94EC7D428201E4E00A81580 /* QuizDescView.swift */ = {isa = PBXFileReference; lastKnownFileType = sourcecode.swift; path = QuizDescView.swift; sourceTree = "<group>"; };
		E94EC7D628201E9D00A81580 /* SingleOptionChoiceView.swift */ = {isa = PBXFileReference; lastKnownFileType = sourcecode.swift; path = SingleOptionChoiceView.swift; sourceTree = "<group>"; };
		E951757827E61ACD00995008 /* AuthSocialView.swift */ = {isa = PBXFileReference; lastKnownFileType = sourcecode.swift; path = AuthSocialView.swift; sourceTree = "<group>"; };
		E96E80F527EF57BA00AA6683 /* AuthSocialViewModel.swift */ = {isa = PBXFileReference; lastKnownFileType = sourcecode.swift; path = AuthSocialViewModel.swift; sourceTree = "<group>"; };
		E9802D06281BB5CC00CF3AC1 /* ChoiceQuizView.swift */ = {isa = PBXFileReference; lastKnownFileType = sourcecode.swift; path = ChoiceQuizView.swift; sourceTree = "<group>"; };
		E99D4CEA2826A30D00B49D52 /* NavigationBar.swift */ = {isa = PBXFileReference; lastKnownFileType = sourcecode.swift; path = NavigationBar.swift; sourceTree = "<group>"; };
		E99D4CEC2826A37400B49D52 /* NavigationToolbar.swift */ = {isa = PBXFileReference; lastKnownFileType = sourcecode.swift; path = NavigationToolbar.swift; sourceTree = "<group>"; };
		E99D4CEE2826B91100B49D52 /* QuizStatusView.swift */ = {isa = PBXFileReference; lastKnownFileType = sourcecode.swift; path = QuizStatusView.swift; sourceTree = "<group>"; };
		E9B2CF5A2822960D00B2DC6F /* QuizDiscussions.swift */ = {isa = PBXFileReference; lastKnownFileType = sourcecode.swift; path = QuizDiscussions.swift; sourceTree = "<group>"; };
		E9B2CF5C2822975400B2DC6F /* QuizStatView.swift */ = {isa = PBXFileReference; lastKnownFileType = sourcecode.swift; path = QuizStatView.swift; sourceTree = "<group>"; };
		E9B2CF5E2822979400B2DC6F /* HintButton.swift */ = {isa = PBXFileReference; lastKnownFileType = sourcecode.swift; path = HintButton.swift; sourceTree = "<group>"; };
		E9B2CF6428229F0D00B2DC6F /* QuizNavigationToolbar.swift */ = {isa = PBXFileReference; lastKnownFileType = sourcecode.swift; path = QuizNavigationToolbar.swift; sourceTree = "<group>"; };
		E9B2CF662822A57400B2DC6F /* SingleOptionView.swift */ = {isa = PBXFileReference; lastKnownFileType = sourcecode.swift; path = SingleOptionView.swift; sourceTree = "<group>"; };
		E9B2CF682822A5D400B2DC6F /* QuizOption.swift */ = {isa = PBXFileReference; lastKnownFileType = sourcecode.swift; path = QuizOption.swift; sourceTree = "<group>"; };
		E9B2CF6C2822AE5F00B2DC6F /* FeedbackView.swift */ = {isa = PBXFileReference; lastKnownFileType = sourcecode.swift; path = FeedbackView.swift; sourceTree = "<group>"; };
		E9B3A18B2828093800FE248B /* QuizActionButton.swift */ = {isa = PBXFileReference; lastKnownFileType = sourcecode.swift; path = QuizActionButton.swift; sourceTree = "<group>"; };
		E9C8C5662822B7FA005A81EB /* MultipleOptionChoiceView.swift */ = {isa = PBXFileReference; lastKnownFileType = sourcecode.swift; path = MultipleOptionChoiceView.swift; sourceTree = "<group>"; };
		E9C8C5682822B897005A81EB /* ChoiceView.swift */ = {isa = PBXFileReference; lastKnownFileType = sourcecode.swift; path = ChoiceView.swift; sourceTree = "<group>"; };
		E9C8C56A2822BB04005A81EB /* MultipleOptionView.swift */ = {isa = PBXFileReference; lastKnownFileType = sourcecode.swift; path = MultipleOptionView.swift; sourceTree = "<group>"; };
		E9D69A3F28084FF7000E114E /* AuthEmailErrorView.swift */ = {isa = PBXFileReference; lastKnownFileType = sourcecode.swift; path = AuthEmailErrorView.swift; sourceTree = "<group>"; };
/* End PBXFileReference section */

/* Begin PBXFrameworksBuildPhase section */
		2C919DEA27EEF5BC0022A2F2 /* Frameworks */ = {
			isa = PBXFrameworksBuildPhase;
			buildActionMask = 2147483647;
			files = (
			);
			runOnlyForDeploymentPostprocessing = 0;
		};
		7555FF78242A565900829871 /* Frameworks */ = {
			isa = PBXFrameworksBuildPhase;
			buildActionMask = 2147483647;
			files = (
				40D8E6EFE44EB7A6092C171B /* Pods_iosHyperskillApp.framework in Frameworks */,
			);
			runOnlyForDeploymentPostprocessing = 0;
		};
/* End PBXFrameworksBuildPhase section */

/* Begin PBXGroup section */
		058557D7273AAEEB004C7B11 /* Preview Content */ = {
			isa = PBXGroup;
			children = (
				058557D8273AAEEB004C7B11 /* Preview Assets.xcassets */,
			);
			path = "Preview Content";
			sourceTree = "<group>";
		};
		2C005DCF27EF5BD200DC6503 /* Views */ = {
			isa = PBXGroup;
			children = (
				2C725B622809198000A49043 /* BackgroundView.swift */,
				2C58DE2A2803DEE2002A2774 /* VerticalCenteredScrollView.swift */,
				2CA8E08E281039EB00154088 /* Styles */,
				2C46D0612807E4A600B3636E /* Wrappers */,
			);
			path = Views;
			sourceTree = "<group>";
		};
		2C005DD027EF5C4800DC6503 /* AuthSocial */ = {
			isa = PBXGroup;
			children = (
				2CE31F4727F1BB79008EEE66 /* AuthSocialAssembly.swift */,
				E96E80F527EF57BA00AA6683 /* AuthSocialViewModel.swift */,
				2C58DE212803BE84002A2774 /* Views */,
			);
			path = AuthSocial;
			sourceTree = "<group>";
		};
		2C1DEE2C27EC3FE00001A567 /* Sources */ = {
			isa = PBXGroup;
			children = (
				2C9B66E727ECAC5D00569645 /* App */,
				2C9B66E827ECAF0200569645 /* Extensions */,
				2CF2DA4227EC7DB50055426D /* Frameworks */,
				2CCF3B5628004F860075D12C /* Helpers */,
				2CF2DA3B27EC5B980055426D /* Models */,
				2C1DEE2D27EC40200001A567 /* Modules */,
				2C1F5880280D5B8200372A37 /* Services */,
				2C906CBC280E5C7D0079C594 /* Systems */,
				2C005DCF27EF5BD200DC6503 /* Views */,
			);
			path = Sources;
			sourceTree = "<group>";
		};
		2C1DEE2D27EC40200001A567 /* Modules */ = {
			isa = PBXGroup;
			children = (
				E9802D03281BB5A500CF3AC1 /* ChoiceQuiz */,
				2CE31F4927F1E058008EEE66 /* App */,
				2C005DD027EF5C4800DC6503 /* AuthSocial */,
				2C725B6428091ACF00A49043 /* AuthEmail */,
				2CAE8CEE280525A100E6C83D /* Step */,
				2C1DEE2E27EC40430001A567 /* UsersList */,
			);
			path = Modules;
			sourceTree = "<group>";
		};
		2C1DEE2E27EC40430001A567 /* UsersList */ = {
			isa = PBXGroup;
			children = (
				2C1DEE2F27EC408D0001A567 /* UsersListAssembly.swift */,
				2CF2DA4027EC75000055426D /* UsersListViewModel.swift */,
				2CF2DA3F27EC61620055426D /* Views */,
			);
			path = UsersList;
			sourceTree = "<group>";
		};
		2C1F5867280D061800372A37 /* WebController */ = {
			isa = PBXGroup;
			children = (
				2C1F586F280D0CB700372A37 /* WebCacheCleaner.swift */,
				2C1F586A280D094A00372A37 /* WebControllerManager.swift */,
				2C1F5868280D063800372A37 /* WebViewController.swift */,
				2C1F5871280D0DD800372A37 /* WKWebViewPanelManager */,
			);
			path = WebController;
			sourceTree = "<group>";
		};
		2C1F586C280D09A100372A37 /* Foundation */ = {
			isa = PBXGroup;
			children = (
				2C1F587A280D2E5100372A37 /* URLExtensions.swift */,
			);
			path = Foundation;
			sourceTree = "<group>";
		};
		2C1F5871280D0DD800372A37 /* WKWebViewPanelManager */ = {
			isa = PBXGroup;
			children = (
				2C1F5873280D0E0000372A37 /* WKWebViewPanelManager.h */,
				2C1F5874280D0E0000372A37 /* WKWebViewPanelManager.m */,
			);
			path = WKWebViewPanelManager;
			sourceTree = "<group>";
		};
		2C1F587C280D2F6600372A37 /* ExtensionsTests */ = {
			isa = PBXGroup;
			children = (
				2C1F587D280D2F9200372A37 /* URLExtensionsTests.swift */,
			);
			path = ExtensionsTests;
			sourceTree = "<group>";
		};
		2C1F587F280D305C00372A37 /* CollectionsTests */ = {
			isa = PBXGroup;
			children = (
				2C919E3227EEF92F0022A2F2 /* LinkedListTests.swift */,
				2C919E3627EF00950022A2F2 /* QueueTests.swift */,
			);
			path = CollectionsTests;
			sourceTree = "<group>";
		};
		2C1F5880280D5B8200372A37 /* Services */ = {
			isa = PBXGroup;
			children = (
				2C1F5883280D5BE600372A37 /* Auth */,
			);
			path = Services;
			sourceTree = "<group>";
		};
		2C1F5883280D5BE600372A37 /* Auth */ = {
			isa = PBXGroup;
			children = (
				2C1F5884280D5C8900372A37 /* Social */,
			);
			path = Auth;
			sourceTree = "<group>";
		};
		2C1F5884280D5C8900372A37 /* Social */ = {
			isa = PBXGroup;
			children = (
				2C1F5881280D5BAA00372A37 /* SocialAuthService.swift */,
				2C1F5889280D8C5700372A37 /* SDKs */,
				2CC4AAF2280DB8B6002276A0 /* Web */,
			);
			path = Social;
			sourceTree = "<group>";
		};
		2C1F5889280D8C5700372A37 /* SDKs */ = {
			isa = PBXGroup;
			children = (
				2C1F588A280D8C8600372A37 /* GoogleSocialAuthSDKProvider.swift */,
				2C1F5887280D5D6200372A37 /* SocialAuthSDKProvider.swift */,
			);
			path = SDKs;
			sourceTree = "<group>";
		};
		2C42EFB027F2EA3500B4648B /* ThirdParty */ = {
			isa = PBXGroup;
			children = (
				2C42EFB127F2EA5000B4648B /* MokoResources */,
			);
			path = ThirdParty;
			sourceTree = "<group>";
		};
		2C42EFB127F2EA5000B4648B /* MokoResources */ = {
			isa = PBXGroup;
			children = (
				2C42EFB427F2EAB300B4648B /* GraphicsColor+UIColor.swift */,
				2C42EFB627F2EAF800B4648B /* ResourcesColorResourceThemed+UIColor.swift */,
				2C42EFB227F2EA7B00B4648B /* ResourcesStringResource+Localized.swift */,
			);
			path = MokoResources;
			sourceTree = "<group>";
		};
		2C46D0612807E4A600B3636E /* Wrappers */ = {
			isa = PBXGroup;
			children = (
				2C46D0622807E4C100B3636E /* TextFieldWrapper.swift */,
			);
			path = Wrappers;
			sourceTree = "<group>";
		};
		2C58DE212803BE84002A2774 /* Views */ = {
			isa = PBXGroup;
			children = (
				2C9CC1BE28092E06006604D7 /* AuthAdaptiveContentView.swift */,
				2C58DE222803BF97002A2774 /* AuthLogoView.swift */,
				E92D659627FC2F4100953029 /* AuthSocialButton.swift */,
				2C58DE242803C185002A2774 /* AuthSocialControlsView.swift */,
				E951757827E61ACD00995008 /* AuthSocialView.swift */,
			);
			path = Views;
			sourceTree = "<group>";
		};
		2C725B5C28090CE500A49043 /* SwiftUI */ = {
			isa = PBXGroup;
			children = (
				2C725B5D28090D1F00A49043 /* View+Border.swift */,
				E99D4CEA2826A30D00B49D52 /* NavigationBar.swift */,
			);
			path = SwiftUI;
			sourceTree = "<group>";
		};
		2C725B6428091ACF00A49043 /* AuthEmail */ = {
			isa = PBXGroup;
			children = (
				2C725B6528091B0100A49043 /* Views */,
			);
			path = AuthEmail;
			sourceTree = "<group>";
		};
		2C725B6528091B0100A49043 /* Views */ = {
			isa = PBXGroup;
			children = (
				E9D69A3F28084FF7000E114E /* AuthEmailErrorView.swift */,
				E94D238E280585110003273F /* AuthEmailFormView.swift */,
				E94D238C28057F440003273F /* AuthEmailView.swift */,
			);
			path = Views;
			sourceTree = "<group>";
		};
		2C906CBC280E5C7D0079C594 /* Systems */ = {
			isa = PBXGroup;
			children = (
				2C9CC1BC280920B5006604D7 /* KeyboardManager.swift */,
				2C906CBD280E5D9C0079C594 /* ProgressHUD.swift */,
				2C2FD61D28191EC0004E7AF6 /* SentryManager.swift */,
				E99D4CEC2826A37400B49D52 /* NavigationToolbar.swift */,
			);
			path = Systems;
			sourceTree = "<group>";
		};
		2C919DE627EEEDC40022A2F2 /* Collections */ = {
			isa = PBXGroup;
			children = (
				2C919DE727EEEDD60022A2F2 /* LinkedList.swift */,
				2C919E3427EEFF110022A2F2 /* Queue.swift */,
			);
			path = Collections;
			sourceTree = "<group>";
		};
		2C919DEE27EEF5BC0022A2F2 /* iosHyperskillAppTests */ = {
			isa = PBXGroup;
			children = (
				2C1F587F280D305C00372A37 /* CollectionsTests */,
				2C1F587C280D2F6600372A37 /* ExtensionsTests */,
			);
			path = iosHyperskillAppTests;
			sourceTree = "<group>";
		};
		2C9B66E727ECAC5D00569645 /* App */ = {
			isa = PBXGroup;
			children = (
				2C9B66C327ECA73700569645 /* AppDelegate.swift */,
				2152FB032600AC8F00CF470E /* HyperskillApp.swift */,
				2C9B66E527ECA86B00569645 /* SceneDelegate.swift */,
			);
			path = App;
			sourceTree = "<group>";
		};
		2C9B66E827ECAF0200569645 /* Extensions */ = {
			isa = PBXGroup;
			children = (
				2C1F586C280D09A100372A37 /* Foundation */,
				2C725B5C28090CE500A49043 /* SwiftUI */,
				2C42EFB027F2EA3500B4648B /* ThirdParty */,
				2C9B66E927ECAF2400569645 /* UIKit */,
			);
			path = Extensions;
			sourceTree = "<group>";
		};
		2C9B66E927ECAF2400569645 /* UIKit */ = {
			isa = PBXGroup;
			children = (
				2C9B66EA27ECAF5000569645 /* UIApplicationExtensions.swift */,
				2C58DE282803D197002A2774 /* UIColor+DynamicColor.swift */,
			);
			path = UIKit;
			sourceTree = "<group>";
		};
		2CA8E08E281039EB00154088 /* Styles */ = {
			isa = PBXGroup;
			children = (
				2CA8E08F281039EB00154088 /* Buttons */,
			);
			path = Styles;
			sourceTree = "<group>";
		};
		2CA8E08F281039EB00154088 /* Buttons */ = {
			isa = PBXGroup;
			children = (
				2CA8E092281039EB00154088 /* BounceButtonStyle.swift */,
				2CA8E090281039EB00154088 /* OutlineButtonStyle.swift */,
				2CA8E091281039EB00154088 /* RoundedRectangleButtonStyle.swift */,
			);
			path = Buttons;
			sourceTree = "<group>";
		};
		2CAE8CEE280525A100E6C83D /* Step */ = {
			isa = PBXGroup;
			children = (
				2CAE8CF3280525D400E6C83D /* StepAssembly.swift */,
				2CAE8D0B2805829A00E6C83D /* StepViewData.swift */,
				2CAE8CEF280525BE00E6C83D /* StepViewModel.swift */,
				2CAE8CF5280525DB00E6C83D /* Views */,
			);
			path = Step;
			sourceTree = "<group>";
		};
		2CAE8CF5280525DB00E6C83D /* Views */ = {
			isa = PBXGroup;
			children = (
				2CAE8D0428055D8300E6C83D /* StepActionButton.swift */,
				2C8409522805BF3C009C6BE9 /* StepContentView.swift */,
				2CAE8CF628052F9600E6C83D /* StepHeaderView.swift */,
				2CAE8CF1280525C900E6C83D /* StepView.swift */,
				2CAE8D0A280578A200E6C83D /* BottomControls */,
			);
			path = Views;
			sourceTree = "<group>";
		};
		2CAE8D0A280578A200E6C83D /* BottomControls */ = {
			isa = PBXGroup;
			children = (
				2CAE8D06280576C500E6C83D /* StepBottomControlsView.swift */,
				2CAE8D082805789100E6C83D /* StepCommentsStatisticsView.swift */,
				2C84094E2805B28B009C6BE9 /* StepRatingControl.swift */,
			);
			path = BottomControls;
			sourceTree = "<group>";
		};
		2CAFD38D27FC515200F88B0B /* Theme */ = {
			isa = PBXGroup;
			children = (
				2CAFD39027FC5D5D00F88B0B /* Color+DesignSystem.swift */,
				2CAFD38E27FC517D00F88B0B /* ColorPalette.swift */,
			);
			path = Theme;
			sourceTree = "<group>";
		};
		2CC4AAF2280DB8B6002276A0 /* Web */ = {
			isa = PBXGroup;
			children = (
				2CC4AAF0280DB513002276A0 /* WebOAuthService.swift */,
				2C1F5878280D2D1300372A37 /* WebOAuthURLParser.swift */,
			);
			path = Web;
			sourceTree = "<group>";
		};
		2CCF3B5628004F860075D12C /* Helpers */ = {
			isa = PBXGroup;
			children = (
				2C2FD62328192123004E7AF6 /* BundlePropertyListDeserializer.swift */,
				2CCF3B59280050890075D12C /* DeviceInfo.swift */,
				2C725B602809125700A49043 /* LayoutInsets.swift */,
				2C863D922804279E0021EFED /* Require.swift */,
				2CCF3B5728004FC40075D12C /* UserAgentBuilder.swift */,
			);
			path = Helpers;
			sourceTree = "<group>";
		};
		2CE2817727E8EEDC00641E22 /* Resources */ = {
			isa = PBXGroup;
			children = (
				2C1F5872280D0E0000372A37 /* iosHyperskillApp-Bridging-Header.h */,
				2CE2817827E8EF1E00641E22 /* GoogleService-Info.plist */,
				7555FF8C242A565B00829871 /* Info.plist */,
				2C2FD61F28191FFE004E7AF6 /* Sentry-Info.plist */,
				058557BA273AAA24004C7B11 /* Assets.xcassets */,
				2C42EFAA27F2C03D00B4648B /* Localizable.strings */,
				2CAFD38D27FC515200F88B0B /* Theme */,
			);
			name = Resources;
			sourceTree = "<group>";
		};
		2CE31F4927F1E058008EEE66 /* App */ = {
			isa = PBXGroup;
			children = (
				2CE31F4C27F1E0C8008EEE66 /* AppAssembly.swift */,
				2C005DCD27EF5B4400DC6503 /* AppView.swift */,
				2CE31F4A27F1E070008EEE66 /* AppViewModel.swift */,
			);
			path = App;
			sourceTree = "<group>";
		};
		2CF2DA3B27EC5B980055426D /* Models */ = {
			isa = PBXGroup;
			children = (
				2CF2DA3C27EC5BA00055426D /* Constants */,
			);
			path = Models;
			sourceTree = "<group>";
		};
		2CF2DA3C27EC5BA00055426D /* Constants */ = {
			isa = PBXGroup;
			children = (
				2C1F5876280D2B4800372A37 /* ApplicationInfo.swift */,
				2C005DCB27EF5B0300DC6503 /* GoogleServiceInfo.swift */,
				2C2FD621281920B1004E7AF6 /* SentryInfo.swift */,
				2C42EFAC27F2C29500B4648B /* Strings.swift */,
			);
			path = Constants;
			sourceTree = "<group>";
		};
		2CF2DA3F27EC61620055426D /* Views */ = {
			isa = PBXGroup;
			children = (
				2C005DC927EF5AE500DC6503 /* UsersListRowView.swift */,
				2CF2DA3D27EC5C180055426D /* UsersListView.swift */,
			);
			path = Views;
			sourceTree = "<group>";
		};
		2CF2DA4227EC7DB50055426D /* Frameworks */ = {
			isa = PBXGroup;
			children = (
				2C919DE627EEEDC40022A2F2 /* Collections */,
				2CF2DA4327EC7DBC0055426D /* Core */,
				2C1F5867280D061800372A37 /* WebController */,
			);
			path = Frameworks;
			sourceTree = "<group>";
		};
		2CF2DA4327EC7DBC0055426D /* Core */ = {
			isa = PBXGroup;
			children = (
				2CF2DA3927EC5B2D0055426D /* Assembly.swift */,
				2CE1C4DE27EDFB3800220041 /* FeatureViewModel.swift */,
			);
			path = Core;
			sourceTree = "<group>";
		};
		69078482427C2E9AB934883B /* Pods */ = {
			isa = PBXGroup;
			children = (
				2D7F5C51275BBB18DCE9ACE9 /* Pods-iosHyperskillApp.debug.xcconfig */,
				515FEBC2A5D8EFBA7FB80795 /* Pods-iosHyperskillApp.release.xcconfig */,
			);
			path = Pods;
			sourceTree = "<group>";
		};
		7555FF72242A565900829871 = {
			isa = PBXGroup;
			children = (
				7555FF7D242A565900829871 /* iosHyperskillApp */,
				2C919DEE27EEF5BC0022A2F2 /* iosHyperskillAppTests */,
				7555FF7C242A565900829871 /* Products */,
				69078482427C2E9AB934883B /* Pods */,
				B8010B219C413E7A3E9D6D35 /* Frameworks */,
			);
			sourceTree = "<group>";
		};
		7555FF7C242A565900829871 /* Products */ = {
			isa = PBXGroup;
			children = (
				7555FF7B242A565900829871 /* iosHyperskillApp.app */,
				2C919DED27EEF5BC0022A2F2 /* iosHyperskillAppTests.xctest */,
			);
			name = Products;
			sourceTree = "<group>";
		};
		7555FF7D242A565900829871 /* iosHyperskillApp */ = {
			isa = PBXGroup;
			children = (
				058557D7273AAEEB004C7B11 /* Preview Content */,
				2CE2817727E8EEDC00641E22 /* Resources */,
				2C1DEE2C27EC3FE00001A567 /* Sources */,
			);
			path = iosHyperskillApp;
			sourceTree = "<group>";
		};
		B8010B219C413E7A3E9D6D35 /* Frameworks */ = {
			isa = PBXGroup;
			children = (
				9C0F8A86D62CB915A1E49CAA /* Pods_iosHyperskillApp.framework */,
			);
			name = Frameworks;
			sourceTree = "<group>";
		};
		E9802D03281BB5A500CF3AC1 /* ChoiceQuiz */ = {
			isa = PBXGroup;
			children = (
				E9802D04281BB5B200CF3AC1 /* Views */,
				E9B2CF682822A5D400B2DC6F /* QuizOption.swift */,
			);
			path = ChoiceQuiz;
			sourceTree = "<group>";
		};
		E9802D04281BB5B200CF3AC1 /* Views */ = {
			isa = PBXGroup;
			children = (
				E9802D06281BB5CC00CF3AC1 /* ChoiceQuizView.swift */,
				E94EC7D428201E4E00A81580 /* QuizDescView.swift */,
				E94EC7D628201E9D00A81580 /* SingleOptionChoiceView.swift */,
				E9B2CF5A2822960D00B2DC6F /* QuizDiscussions.swift */,
				E9B2CF5C2822975400B2DC6F /* QuizStatView.swift */,
				E9B2CF5E2822979400B2DC6F /* HintButton.swift */,
				E9B2CF6428229F0D00B2DC6F /* QuizNavigationToolbar.swift */,
				E9B2CF662822A57400B2DC6F /* SingleOptionView.swift */,
				E9B2CF6C2822AE5F00B2DC6F /* FeedbackView.swift */,
				E9C8C5662822B7FA005A81EB /* MultipleOptionChoiceView.swift */,
				E9C8C5682822B897005A81EB /* ChoiceView.swift */,
				E9C8C56A2822BB04005A81EB /* MultipleOptionView.swift */,
				E99D4CEE2826B91100B49D52 /* QuizStatusView.swift */,
				E9B3A18B2828093800FE248B /* QuizActionButton.swift */,
			);
			path = Views;
			sourceTree = "<group>";
		};
/* End PBXGroup section */

/* Begin PBXNativeTarget section */
		2C919DEC27EEF5BC0022A2F2 /* iosHyperskillAppTests */ = {
			isa = PBXNativeTarget;
			buildConfigurationList = 2C919DF327EEF5BC0022A2F2 /* Build configuration list for PBXNativeTarget "iosHyperskillAppTests" */;
			buildPhases = (
				2C919DE927EEF5BC0022A2F2 /* Sources */,
				2C919DEA27EEF5BC0022A2F2 /* Frameworks */,
				2C919DEB27EEF5BC0022A2F2 /* Resources */,
			);
			buildRules = (
			);
			dependencies = (
				2C919DF227EEF5BC0022A2F2 /* PBXTargetDependency */,
			);
			name = iosHyperskillAppTests;
			productName = iosHyperskillAppTests;
			productReference = 2C919DED27EEF5BC0022A2F2 /* iosHyperskillAppTests.xctest */;
			productType = "com.apple.product-type.bundle.unit-test";
		};
		7555FF7A242A565900829871 /* iosHyperskillApp */ = {
			isa = PBXNativeTarget;
			buildConfigurationList = 7555FFA5242A565B00829871 /* Build configuration list for PBXNativeTarget "iosHyperskillApp" */;
			buildPhases = (
				0F8041F01E8F6E1DA50394B8 /* [CP] Check Pods Manifest.lock */,
				E9CD221D27F3453E00597313 /* Run SwiftLint */,
				7555FF77242A565900829871 /* Sources */,
				7555FF78242A565900829871 /* Frameworks */,
				7555FF79242A565900829871 /* Resources */,
				0D4BC362535EFE1EB9C06A42 /* [CP] Embed Pods Frameworks */,
			);
			buildRules = (
			);
			dependencies = (
			);
			name = iosHyperskillApp;
			productName = iosHyperskillApp;
			productReference = 7555FF7B242A565900829871 /* iosHyperskillApp.app */;
			productType = "com.apple.product-type.application";
		};
/* End PBXNativeTarget section */

/* Begin PBXProject section */
		7555FF73242A565900829871 /* Project object */ = {
			isa = PBXProject;
			attributes = {
				LastSwiftUpdateCheck = 1330;
				LastUpgradeCheck = 1130;
				ORGANIZATIONNAME = orgName;
				TargetAttributes = {
					2C919DEC27EEF5BC0022A2F2 = {
						CreatedOnToolsVersion = 13.3;
						TestTargetID = 7555FF7A242A565900829871;
					};
					7555FF7A242A565900829871 = {
						CreatedOnToolsVersion = 11.3.1;
						LastSwiftMigration = 1330;
					};
				};
			};
			buildConfigurationList = 7555FF76242A565900829871 /* Build configuration list for PBXProject "iosHyperskillApp" */;
			compatibilityVersion = "Xcode 9.3";
			developmentRegion = en;
			hasScannedForEncodings = 0;
			knownRegions = (
				en,
				Base,
			);
			mainGroup = 7555FF72242A565900829871;
			productRefGroup = 7555FF7C242A565900829871 /* Products */;
			projectDirPath = "";
			projectRoot = "";
			targets = (
				7555FF7A242A565900829871 /* iosHyperskillApp */,
				2C919DEC27EEF5BC0022A2F2 /* iosHyperskillAppTests */,
			);
		};
/* End PBXProject section */

/* Begin PBXResourcesBuildPhase section */
		2C919DEB27EEF5BC0022A2F2 /* Resources */ = {
			isa = PBXResourcesBuildPhase;
			buildActionMask = 2147483647;
			files = (
			);
			runOnlyForDeploymentPostprocessing = 0;
		};
		7555FF79242A565900829871 /* Resources */ = {
			isa = PBXResourcesBuildPhase;
			buildActionMask = 2147483647;
			files = (
				2CE2817927E8EF1E00641E22 /* GoogleService-Info.plist in Resources */,
				2C42EFA827F2C03D00B4648B /* Localizable.strings in Resources */,
				058557D9273AAEEB004C7B11 /* Preview Assets.xcassets in Resources */,
				058557BB273AAA24004C7B11 /* Assets.xcassets in Resources */,
				2C2FD62028191FFE004E7AF6 /* Sentry-Info.plist in Resources */,
			);
			runOnlyForDeploymentPostprocessing = 0;
		};
/* End PBXResourcesBuildPhase section */

/* Begin PBXShellScriptBuildPhase section */
		0D4BC362535EFE1EB9C06A42 /* [CP] Embed Pods Frameworks */ = {
			isa = PBXShellScriptBuildPhase;
			buildActionMask = 2147483647;
			files = (
			);
			inputFileListPaths = (
				"${PODS_ROOT}/Target Support Files/Pods-iosHyperskillApp/Pods-iosHyperskillApp-frameworks-${CONFIGURATION}-input-files.xcfilelist",
			);
			name = "[CP] Embed Pods Frameworks";
			outputFileListPaths = (
				"${PODS_ROOT}/Target Support Files/Pods-iosHyperskillApp/Pods-iosHyperskillApp-frameworks-${CONFIGURATION}-output-files.xcfilelist",
			);
			runOnlyForDeploymentPostprocessing = 0;
			shellPath = /bin/sh;
			shellScript = "\"${PODS_ROOT}/Target Support Files/Pods-iosHyperskillApp/Pods-iosHyperskillApp-frameworks.sh\"\n";
			showEnvVarsInLog = 0;
		};
		0F8041F01E8F6E1DA50394B8 /* [CP] Check Pods Manifest.lock */ = {
			isa = PBXShellScriptBuildPhase;
			buildActionMask = 2147483647;
			files = (
			);
			inputFileListPaths = (
			);
			inputPaths = (
				"${PODS_PODFILE_DIR_PATH}/Podfile.lock",
				"${PODS_ROOT}/Manifest.lock",
			);
			name = "[CP] Check Pods Manifest.lock";
			outputFileListPaths = (
			);
			outputPaths = (
				"$(DERIVED_FILE_DIR)/Pods-iosHyperskillApp-checkManifestLockResult.txt",
			);
			runOnlyForDeploymentPostprocessing = 0;
			shellPath = /bin/sh;
			shellScript = "diff \"${PODS_PODFILE_DIR_PATH}/Podfile.lock\" \"${PODS_ROOT}/Manifest.lock\" > /dev/null\nif [ $? != 0 ] ; then\n    # print error to STDERR\n    echo \"error: The sandbox is not in sync with the Podfile.lock. Run 'pod install' or update your CocoaPods installation.\" >&2\n    exit 1\nfi\n# This output is used by Xcode 'outputs' to avoid re-running this script phase.\necho \"SUCCESS\" > \"${SCRIPT_OUTPUT_FILE_0}\"\n";
			showEnvVarsInLog = 0;
		};
		E9CD221D27F3453E00597313 /* Run SwiftLint */ = {
			isa = PBXShellScriptBuildPhase;
			buildActionMask = 2147483647;
			files = (
			);
			inputFileListPaths = (
			);
			inputPaths = (
			);
			name = "Run SwiftLint";
			outputFileListPaths = (
			);
			outputPaths = (
			);
			runOnlyForDeploymentPostprocessing = 0;
			shellPath = /bin/sh;
			shellScript = "${SRCROOT}/lint.sh\n";
		};
/* End PBXShellScriptBuildPhase section */

/* Begin PBXSourcesBuildPhase section */
		2C919DE927EEF5BC0022A2F2 /* Sources */ = {
			isa = PBXSourcesBuildPhase;
			buildActionMask = 2147483647;
			files = (
				2C919E3327EEF92F0022A2F2 /* LinkedListTests.swift in Sources */,
				2C919E3727EF00950022A2F2 /* QueueTests.swift in Sources */,
				2C1F587E280D2F9200372A37 /* URLExtensionsTests.swift in Sources */,
			);
			runOnlyForDeploymentPostprocessing = 0;
		};
		7555FF77242A565900829871 /* Sources */ = {
			isa = PBXSourcesBuildPhase;
			buildActionMask = 2147483647;
			files = (
				2CAFD39127FC5D5D00F88B0B /* Color+DesignSystem.swift in Sources */,
				E9802D07281BB5CC00CF3AC1 /* ChoiceQuizView.swift in Sources */,
				2C9B66C427ECA73700569645 /* AppDelegate.swift in Sources */,
				2C9B66E627ECA86B00569645 /* SceneDelegate.swift in Sources */,
				E94D238F280585110003273F /* AuthEmailFormView.swift in Sources */,
				2CE31F4B27F1E070008EEE66 /* AppViewModel.swift in Sources */,
				2C725B612809125700A49043 /* LayoutInsets.swift in Sources */,
				2CAE8CF0280525BE00E6C83D /* StepViewModel.swift in Sources */,
				2C42EFB327F2EA7B00B4648B /* ResourcesStringResource+Localized.swift in Sources */,
				2C2FD622281920B1004E7AF6 /* SentryInfo.swift in Sources */,
				2C9B66EB27ECAF5000569645 /* UIApplicationExtensions.swift in Sources */,
				2CA8E093281039EB00154088 /* OutlineButtonStyle.swift in Sources */,
				E9B2CF692822A5D400B2DC6F /* QuizOption.swift in Sources */,
				2C1DEE3027EC408D0001A567 /* UsersListAssembly.swift in Sources */,
				E99D4CED2826A37400B49D52 /* NavigationToolbar.swift in Sources */,
				2C84094F2805B28B009C6BE9 /* StepRatingControl.swift in Sources */,
				E9B2CF5D2822975400B2DC6F /* QuizStatView.swift in Sources */,
				2C005DCC27EF5B0300DC6503 /* GoogleServiceInfo.swift in Sources */,
				E94D238D28057F440003273F /* AuthEmailView.swift in Sources */,
				2CE31F4827F1BB79008EEE66 /* AuthSocialAssembly.swift in Sources */,
				2CC4AAF1280DB513002276A0 /* WebOAuthService.swift in Sources */,
				2CF2DA3A27EC5B2D0055426D /* Assembly.swift in Sources */,
				2C863D932804279E0021EFED /* Require.swift in Sources */,
				2C2FD62428192123004E7AF6 /* BundlePropertyListDeserializer.swift in Sources */,
				2C1F5879280D2D1300372A37 /* WebOAuthURLParser.swift in Sources */,
				2CCF3B5828004FC40075D12C /* UserAgentBuilder.swift in Sources */,
				2C919DE827EEEDD60022A2F2 /* LinkedList.swift in Sources */,
				E9B2CF6528229F0D00B2DC6F /* QuizNavigationToolbar.swift in Sources */,
				2C46D0632807E4C100B3636E /* TextFieldWrapper.swift in Sources */,
				2CAFD38F27FC517D00F88B0B /* ColorPalette.swift in Sources */,
				2C1F5888280D5D6200372A37 /* SocialAuthSDKProvider.swift in Sources */,
				2CAE8CF728052F9600E6C83D /* StepHeaderView.swift in Sources */,
				2C919E3527EEFF110022A2F2 /* Queue.swift in Sources */,
				2C58DE292803D197002A2774 /* UIColor+DynamicColor.swift in Sources */,
				2C005DCA27EF5AE500DC6503 /* UsersListRowView.swift in Sources */,
				2CAE8D092805789100E6C83D /* StepCommentsStatisticsView.swift in Sources */,
				2C725B5E28090D1F00A49043 /* View+Border.swift in Sources */,
				2CE31F4D27F1E0C8008EEE66 /* AppAssembly.swift in Sources */,
				2CCF3B5A280050890075D12C /* DeviceInfo.swift in Sources */,
				2C58DE2B2803DEE2002A2774 /* VerticalCenteredScrollView.swift in Sources */,
				2C1F5877280D2B4800372A37 /* ApplicationInfo.swift in Sources */,
				2CAE8D0528055D8300E6C83D /* StepActionButton.swift in Sources */,
				E9D69A4028084FF7000E114E /* AuthEmailErrorView.swift in Sources */,
				2C42EFAD27F2C29500B4648B /* Strings.swift in Sources */,
				2C906CBE280E5D9C0079C594 /* ProgressHUD.swift in Sources */,
				2152FB042600AC8F00CF470E /* HyperskillApp.swift in Sources */,
				2CA8E094281039EB00154088 /* RoundedRectangleButtonStyle.swift in Sources */,
				E9C8C56B2822BB04005A81EB /* MultipleOptionView.swift in Sources */,
				E951757927E61ACD00995008 /* AuthSocialView.swift in Sources */,
				2C1F5875280D0E0000372A37 /* WKWebViewPanelManager.m in Sources */,
				2C1F5870280D0CB700372A37 /* WebCacheCleaner.swift in Sources */,
				2C58DE232803BF97002A2774 /* AuthLogoView.swift in Sources */,
				2C1F5882280D5BAA00372A37 /* SocialAuthService.swift in Sources */,
				E94EC7D728201E9D00A81580 /* SingleOptionChoiceView.swift in Sources */,
				E9B2CF672822A57400B2DC6F /* SingleOptionView.swift in Sources */,
				E94EC7D528201E4E00A81580 /* QuizDescView.swift in Sources */,
				E96E80F627EF57BA00AA6683 /* AuthSocialViewModel.swift in Sources */,
				2C1F5869280D063800372A37 /* WebViewController.swift in Sources */,
				E9C8C5672822B7FA005A81EB /* MultipleOptionChoiceView.swift in Sources */,
				2CAE8D07280576C600E6C83D /* StepBottomControlsView.swift in Sources */,
				2C005DCE27EF5B4400DC6503 /* AppView.swift in Sources */,
				2C9CC1BF28092E06006604D7 /* AuthAdaptiveContentView.swift in Sources */,
				2C2FD61E28191EC0004E7AF6 /* SentryManager.swift in Sources */,
				2CA8E095281039EB00154088 /* BounceButtonStyle.swift in Sources */,
				2CAE8D0C2805829A00E6C83D /* StepViewData.swift in Sources */,
				2C1F587B280D2E5100372A37 /* URLExtensions.swift in Sources */,
				2C1F586B280D094A00372A37 /* WebControllerManager.swift in Sources */,
				2CF2DA4127EC75000055426D /* UsersListViewModel.swift in Sources */,
				E92D659727FC2F4100953029 /* AuthSocialButton.swift in Sources */,
				E99D4CEF2826B91100B49D52 /* QuizStatusView.swift in Sources */,
				2CAE8CF4280525D400E6C83D /* StepAssembly.swift in Sources */,
				E9B2CF6D2822AE5F00B2DC6F /* FeedbackView.swift in Sources */,
				2CF2DA3E27EC5C180055426D /* UsersListView.swift in Sources */,
				2C1F588B280D8C8600372A37 /* GoogleSocialAuthSDKProvider.swift in Sources */,
				E9C8C5692822B897005A81EB /* ChoiceView.swift in Sources */,
				E9B2CF5F2822979400B2DC6F /* HintButton.swift in Sources */,
				2C42EFB527F2EAB300B4648B /* GraphicsColor+UIColor.swift in Sources */,
				E9B3A18C2828093800FE248B /* QuizActionButton.swift in Sources */,
				2C725B632809198000A49043 /* BackgroundView.swift in Sources */,
				2CAE8CF2280525C900E6C83D /* StepView.swift in Sources */,
				E99D4CEB2826A30D00B49D52 /* NavigationBar.swift in Sources */,
				2C9CC1BD280920B5006604D7 /* KeyboardManager.swift in Sources */,
				2C8409532805BF3C009C6BE9 /* StepContentView.swift in Sources */,
				2C58DE252803C185002A2774 /* AuthSocialControlsView.swift in Sources */,
				2CE1C4DF27EDFB3800220041 /* FeatureViewModel.swift in Sources */,
				E9B2CF5B2822960D00B2DC6F /* QuizDiscussions.swift in Sources */,
				2C42EFB727F2EAF800B4648B /* ResourcesColorResourceThemed+UIColor.swift in Sources */,
			);
			runOnlyForDeploymentPostprocessing = 0;
		};
/* End PBXSourcesBuildPhase section */

/* Begin PBXTargetDependency section */
		2C919DF227EEF5BC0022A2F2 /* PBXTargetDependency */ = {
			isa = PBXTargetDependency;
			target = 7555FF7A242A565900829871 /* iosHyperskillApp */;
			targetProxy = 2C919DF127EEF5BC0022A2F2 /* PBXContainerItemProxy */;
		};
/* End PBXTargetDependency section */

/* Begin PBXVariantGroup section */
		2C42EFAA27F2C03D00B4648B /* Localizable.strings */ = {
			isa = PBXVariantGroup;
			children = (
				2C42EFA927F2C03D00B4648B /* en */,
			);
			name = Localizable.strings;
			sourceTree = "<group>";
		};
/* End PBXVariantGroup section */

/* Begin XCBuildConfiguration section */
		2C919DF427EEF5BC0022A2F2 /* Debug */ = {
			isa = XCBuildConfiguration;
			buildSettings = {
				BUNDLE_LOADER = "$(TEST_HOST)";
				CLANG_CXX_LANGUAGE_STANDARD = "gnu++17";
				CODE_SIGN_STYLE = Automatic;
				CURRENT_PROJECT_VERSION = 1;
				DEBUG_INFORMATION_FORMAT = dwarf;
				GENERATE_INFOPLIST_FILE = YES;
				IPHONEOS_DEPLOYMENT_TARGET = 15.4;
				MARKETING_VERSION = 1.0;
				PRODUCT_BUNDLE_IDENTIFIER = orgIdentifier.iosHyperskillAppTests;
				PRODUCT_NAME = "$(TARGET_NAME)";
				SWIFT_EMIT_LOC_STRINGS = NO;
				SWIFT_VERSION = 5.0;
				TARGETED_DEVICE_FAMILY = "1,2";
				TEST_HOST = "$(BUILT_PRODUCTS_DIR)/iosHyperskillApp.app/iosHyperskillApp";
			};
			name = Debug;
		};
		2C919DF527EEF5BC0022A2F2 /* Release */ = {
			isa = XCBuildConfiguration;
			buildSettings = {
				BUNDLE_LOADER = "$(TEST_HOST)";
				CLANG_CXX_LANGUAGE_STANDARD = "gnu++17";
				CODE_SIGN_STYLE = Automatic;
				CURRENT_PROJECT_VERSION = 1;
				GENERATE_INFOPLIST_FILE = YES;
				IPHONEOS_DEPLOYMENT_TARGET = 15.4;
				MARKETING_VERSION = 1.0;
				PRODUCT_BUNDLE_IDENTIFIER = orgIdentifier.iosHyperskillAppTests;
				PRODUCT_NAME = "$(TARGET_NAME)";
				SWIFT_EMIT_LOC_STRINGS = NO;
				SWIFT_VERSION = 5.0;
				TARGETED_DEVICE_FAMILY = "1,2";
				TEST_HOST = "$(BUILT_PRODUCTS_DIR)/iosHyperskillApp.app/iosHyperskillApp";
			};
			name = Release;
		};
		7555FFA3242A565B00829871 /* Debug */ = {
			isa = XCBuildConfiguration;
			buildSettings = {
				ALWAYS_SEARCH_USER_PATHS = NO;
				CLANG_ANALYZER_NONNULL = YES;
				CLANG_ANALYZER_NUMBER_OBJECT_CONVERSION = YES_AGGRESSIVE;
				CLANG_CXX_LANGUAGE_STANDARD = "gnu++14";
				CLANG_CXX_LIBRARY = "libc++";
				CLANG_ENABLE_MODULES = YES;
				CLANG_ENABLE_OBJC_ARC = YES;
				CLANG_ENABLE_OBJC_WEAK = YES;
				CLANG_WARN_BLOCK_CAPTURE_AUTORELEASING = YES;
				CLANG_WARN_BOOL_CONVERSION = YES;
				CLANG_WARN_COMMA = YES;
				CLANG_WARN_CONSTANT_CONVERSION = YES;
				CLANG_WARN_DEPRECATED_OBJC_IMPLEMENTATIONS = YES;
				CLANG_WARN_DIRECT_OBJC_ISA_USAGE = YES_ERROR;
				CLANG_WARN_DOCUMENTATION_COMMENTS = YES;
				CLANG_WARN_EMPTY_BODY = YES;
				CLANG_WARN_ENUM_CONVERSION = YES;
				CLANG_WARN_INFINITE_RECURSION = YES;
				CLANG_WARN_INT_CONVERSION = YES;
				CLANG_WARN_NON_LITERAL_NULL_CONVERSION = YES;
				CLANG_WARN_OBJC_IMPLICIT_RETAIN_SELF = YES;
				CLANG_WARN_OBJC_LITERAL_CONVERSION = YES;
				CLANG_WARN_OBJC_ROOT_CLASS = YES_ERROR;
				CLANG_WARN_QUOTED_INCLUDE_IN_FRAMEWORK_HEADER = YES;
				CLANG_WARN_RANGE_LOOP_ANALYSIS = YES;
				CLANG_WARN_STRICT_PROTOTYPES = YES;
				CLANG_WARN_SUSPICIOUS_MOVE = YES;
				CLANG_WARN_UNGUARDED_AVAILABILITY = YES_AGGRESSIVE;
				CLANG_WARN_UNREACHABLE_CODE = YES;
				CLANG_WARN__DUPLICATE_METHOD_MATCH = YES;
				COPY_PHASE_STRIP = NO;
				DEBUG_INFORMATION_FORMAT = "dwarf-with-dsym";
				ENABLE_STRICT_OBJC_MSGSEND = YES;
				ENABLE_TESTABILITY = YES;
				GCC_C_LANGUAGE_STANDARD = gnu11;
				GCC_DYNAMIC_NO_PIC = NO;
				GCC_NO_COMMON_BLOCKS = YES;
				GCC_OPTIMIZATION_LEVEL = 0;
				GCC_PREPROCESSOR_DEFINITIONS = (
					"DEBUG=1",
					"$(inherited)",
				);
				GCC_WARN_64_TO_32_BIT_CONVERSION = YES;
				GCC_WARN_ABOUT_RETURN_TYPE = YES_ERROR;
				GCC_WARN_UNDECLARED_SELECTOR = YES;
				GCC_WARN_UNINITIALIZED_AUTOS = YES_AGGRESSIVE;
				GCC_WARN_UNUSED_FUNCTION = YES;
				GCC_WARN_UNUSED_VARIABLE = YES;
				IPHONEOS_DEPLOYMENT_TARGET = 14.1;
				MTL_ENABLE_DEBUG_INFO = INCLUDE_SOURCE;
				MTL_FAST_MATH = YES;
				ONLY_ACTIVE_ARCH = YES;
				SDKROOT = iphoneos;
				SWIFT_ACTIVE_COMPILATION_CONDITIONS = DEBUG;
				SWIFT_OPTIMIZATION_LEVEL = "-Onone";
			};
			name = Debug;
		};
		7555FFA4242A565B00829871 /* Release */ = {
			isa = XCBuildConfiguration;
			buildSettings = {
				ALWAYS_SEARCH_USER_PATHS = NO;
				CLANG_ANALYZER_NONNULL = YES;
				CLANG_ANALYZER_NUMBER_OBJECT_CONVERSION = YES_AGGRESSIVE;
				CLANG_CXX_LANGUAGE_STANDARD = "gnu++14";
				CLANG_CXX_LIBRARY = "libc++";
				CLANG_ENABLE_MODULES = YES;
				CLANG_ENABLE_OBJC_ARC = YES;
				CLANG_ENABLE_OBJC_WEAK = YES;
				CLANG_WARN_BLOCK_CAPTURE_AUTORELEASING = YES;
				CLANG_WARN_BOOL_CONVERSION = YES;
				CLANG_WARN_COMMA = YES;
				CLANG_WARN_CONSTANT_CONVERSION = YES;
				CLANG_WARN_DEPRECATED_OBJC_IMPLEMENTATIONS = YES;
				CLANG_WARN_DIRECT_OBJC_ISA_USAGE = YES_ERROR;
				CLANG_WARN_DOCUMENTATION_COMMENTS = YES;
				CLANG_WARN_EMPTY_BODY = YES;
				CLANG_WARN_ENUM_CONVERSION = YES;
				CLANG_WARN_INFINITE_RECURSION = YES;
				CLANG_WARN_INT_CONVERSION = YES;
				CLANG_WARN_NON_LITERAL_NULL_CONVERSION = YES;
				CLANG_WARN_OBJC_IMPLICIT_RETAIN_SELF = YES;
				CLANG_WARN_OBJC_LITERAL_CONVERSION = YES;
				CLANG_WARN_OBJC_ROOT_CLASS = YES_ERROR;
				CLANG_WARN_QUOTED_INCLUDE_IN_FRAMEWORK_HEADER = YES;
				CLANG_WARN_RANGE_LOOP_ANALYSIS = YES;
				CLANG_WARN_STRICT_PROTOTYPES = YES;
				CLANG_WARN_SUSPICIOUS_MOVE = YES;
				CLANG_WARN_UNGUARDED_AVAILABILITY = YES_AGGRESSIVE;
				CLANG_WARN_UNREACHABLE_CODE = YES;
				CLANG_WARN__DUPLICATE_METHOD_MATCH = YES;
				COPY_PHASE_STRIP = NO;
				DEBUG_INFORMATION_FORMAT = "dwarf-with-dsym";
				ENABLE_NS_ASSERTIONS = NO;
				ENABLE_STRICT_OBJC_MSGSEND = YES;
				GCC_C_LANGUAGE_STANDARD = gnu11;
				GCC_NO_COMMON_BLOCKS = YES;
				GCC_WARN_64_TO_32_BIT_CONVERSION = YES;
				GCC_WARN_ABOUT_RETURN_TYPE = YES_ERROR;
				GCC_WARN_UNDECLARED_SELECTOR = YES;
				GCC_WARN_UNINITIALIZED_AUTOS = YES_AGGRESSIVE;
				GCC_WARN_UNUSED_FUNCTION = YES;
				GCC_WARN_UNUSED_VARIABLE = YES;
				IPHONEOS_DEPLOYMENT_TARGET = 14.1;
				MTL_ENABLE_DEBUG_INFO = NO;
				MTL_FAST_MATH = YES;
				SDKROOT = iphoneos;
				SWIFT_COMPILATION_MODE = wholemodule;
				SWIFT_OPTIMIZATION_LEVEL = "-O";
				VALIDATE_PRODUCT = YES;
			};
			name = Release;
		};
		7555FFA6242A565B00829871 /* Debug */ = {
			isa = XCBuildConfiguration;
			baseConfigurationReference = 2D7F5C51275BBB18DCE9ACE9 /* Pods-iosHyperskillApp.debug.xcconfig */;
			buildSettings = {
				ASSETCATALOG_COMPILER_APPICON_NAME = AppIcon;
				CLANG_ENABLE_MODULES = YES;
				CODE_SIGN_STYLE = Automatic;
				DEVELOPMENT_ASSET_PATHS = "\"iosHyperskillApp/Preview Content\"";
				DEVELOPMENT_TEAM = "";
				ENABLE_PREVIEWS = YES;
				INFOPLIST_FILE = iosHyperskillApp/Info.plist;
				LD_RUNPATH_SEARCH_PATHS = (
					"$(inherited)",
					"@executable_path/Frameworks",
				);
				OTHER_LDFLAGS = (
					"$(inherited)",
					"-framework",
					shared,
					"-fprofile-instr-generate",
				);
				PRODUCT_BUNDLE_IDENTIFIER = orgIdentifier.iosHyperskillApp;
				PRODUCT_NAME = "$(TARGET_NAME)";
				SWIFT_OBJC_BRIDGING_HEADER = "iosHyperskillApp/iosHyperskillApp-Bridging-Header.h";
				SWIFT_OPTIMIZATION_LEVEL = "-Onone";
				SWIFT_VERSION = 5.0;
				TARGETED_DEVICE_FAMILY = "1,2";
			};
			name = Debug;
		};
		7555FFA7242A565B00829871 /* Release */ = {
			isa = XCBuildConfiguration;
			baseConfigurationReference = 515FEBC2A5D8EFBA7FB80795 /* Pods-iosHyperskillApp.release.xcconfig */;
			buildSettings = {
				ASSETCATALOG_COMPILER_APPICON_NAME = AppIcon;
				CLANG_ENABLE_MODULES = YES;
				CODE_SIGN_STYLE = Automatic;
				DEVELOPMENT_ASSET_PATHS = "\"iosHyperskillApp/Preview Content\"";
				DEVELOPMENT_TEAM = "";
				ENABLE_PREVIEWS = YES;
				INFOPLIST_FILE = iosHyperskillApp/Info.plist;
				LD_RUNPATH_SEARCH_PATHS = (
					"$(inherited)",
					"@executable_path/Frameworks",
				);
				OTHER_LDFLAGS = (
					"$(inherited)",
					"-framework",
					shared,
					"-fprofile-instr-generate",
				);
				PRODUCT_BUNDLE_IDENTIFIER = orgIdentifier.iosHyperskillApp;
				PRODUCT_NAME = "$(TARGET_NAME)";
				SWIFT_OBJC_BRIDGING_HEADER = "iosHyperskillApp/iosHyperskillApp-Bridging-Header.h";
				SWIFT_VERSION = 5.0;
				TARGETED_DEVICE_FAMILY = "1,2";
			};
			name = Release;
		};
/* End XCBuildConfiguration section */

/* Begin XCConfigurationList section */
		2C919DF327EEF5BC0022A2F2 /* Build configuration list for PBXNativeTarget "iosHyperskillAppTests" */ = {
			isa = XCConfigurationList;
			buildConfigurations = (
				2C919DF427EEF5BC0022A2F2 /* Debug */,
				2C919DF527EEF5BC0022A2F2 /* Release */,
			);
			defaultConfigurationIsVisible = 0;
			defaultConfigurationName = Release;
		};
		7555FF76242A565900829871 /* Build configuration list for PBXProject "iosHyperskillApp" */ = {
			isa = XCConfigurationList;
			buildConfigurations = (
				7555FFA3242A565B00829871 /* Debug */,
				7555FFA4242A565B00829871 /* Release */,
			);
			defaultConfigurationIsVisible = 0;
			defaultConfigurationName = Release;
		};
		7555FFA5242A565B00829871 /* Build configuration list for PBXNativeTarget "iosHyperskillApp" */ = {
			isa = XCConfigurationList;
			buildConfigurations = (
				7555FFA6242A565B00829871 /* Debug */,
				7555FFA7242A565B00829871 /* Release */,
			);
			defaultConfigurationIsVisible = 0;
			defaultConfigurationName = Release;
		};
/* End XCConfigurationList section */
	};
	rootObject = 7555FF73242A565900829871 /* Project object */;
}
