PODS:
  - AppAuth (1.5.0):
    - AppAuth/Core (= 1.5.0)
    - AppAuth/ExternalUserAgent (= 1.5.0)
  - AppAuth/Core (1.5.0)
  - AppAuth/ExternalUserAgent (1.5.0):
    - AppAuth/Core
  - GoogleSignIn (6.1.0):
    - AppAuth (~> 1.4)
    - GTMAppAuth (~> 1.0)
    - GTMSessionFetcher/Core (~> 1.1)
  - GTMAppAuth (1.2.3):
    - AppAuth/Core (~> 1.4)
    - GTMSessionFetcher/Core (~> 1.5)
  - GTMSessionFetcher/Core (1.7.1)
  - shared (1.0)

DEPENDENCIES:
  - GoogleSignIn (= 6.1.0)
  - shared (from `../shared`)

SPEC REPOS:
  trunk:
    - AppAuth
    - GoogleSignIn
    - GTMAppAuth
    - GTMSessionFetcher

EXTERNAL SOURCES:
  shared:
    :path: "../shared"

SPEC CHECKSUMS:
  AppAuth: 80317d99ac7ff2801a2f18ff86b48cd315ed465d
  GoogleSignIn: c90b5bec45e780f54c6a8e1e3c182a86e3dda69d
  GTMAppAuth: 987526d41b07efb1bedda5e936fe0cb718a03113
  GTMSessionFetcher: 4577a4cc914a5a07c40a8a0ad0acc22080418c2d
  shared: c853eec72401bca29da6f02899c8de76f065e309

PODFILE CHECKSUM: 602404c5b3a862218e79f61eb269a09dfe12e665

COCOAPODS: 1.11.3
