PODS:
  - AppAuth (1.6.0):
    - AppAuth/Core (= 1.6.0)
    - AppAuth/ExternalUserAgent (= 1.6.0)
  - AppAuth/Core (1.6.0)
  - AppAuth/ExternalUserAgent (1.6.0):
    - AppAuth/Core
  - Atributika (4.10.1)
  - CocoaLumberjack (3.8.0):
    - CocoaLumberjack/Core (= 3.8.0)
  - CocoaLumberjack/Core (3.8.0)
  - CombineSchedulers (0.8.0)
  - Gifu (3.3.1)
  - GoogleSignIn (6.1.0):
    - AppAuth (~> 1.4)
    - GTMAppAuth (~> 1.0)
    - GTMSessionFetcher/Core (~> 1.1)
  - GTMAppAuth (1.3.1):
    - AppAuth/Core (~> 1.6)
    - GTMSessionFetcher/Core (< 3.0, >= 1.5)
  - GTMSessionFetcher/Core (1.7.2)
  - Highlightr (2.1.0)
  - IQKeyboardManagerSwift (6.5.9)
  - Kanna (5.2.7)
  - Nuke (10.7.1)
  - NukeUI (0.8.1):
    - Gifu (~> 3.0)
    - Nuke (~> 10.5)
  - PanModal (1.2.7)
  - Sentry (8.5.0):
    - Sentry/Core (= 8.5.0)
    - SentryPrivate (= 8.5.0)
  - Sentry/Core (8.5.0):
    - SentryPrivate (= 8.5.0)
  - SentryPrivate (8.5.0)
  - shared (1.0)
  - SkeletonUI (1.0.9)
  - SnapKit (5.6.0)
  - STRegex (2.1.1)
  - SVGKit (3.1.0):
    - CocoaLumberjack (~> 3.0)
  - SVProgressHUD (2.2.5)
  - SwiftLint (0.50.1)

DEPENDENCIES:
  - Atributika (= 4.10.1)
  - CombineSchedulers (from `https://github.com/ivan-magda/combine-schedulers.git`, branch `main`)
  - GoogleSignIn (= 6.1.0)
  - Highlightr (from `https://github.com/raspu/Highlightr.git`, branch `master`)
  - IQKeyboardManagerSwift (= 6.5.9)
  - Kanna (= 5.2.7)
  - NukeUI (from `https://github.com/kean/NukeUI.git`, tag `0.8.3`)
  - PanModal (from `https://github.com/ivan-magda/PanModal.git`, branch `remove-presenting-appearance-transitions`)
  - Sentry (= 8.5.0)
  - shared (from `../shared`)
  - SkeletonUI (= 1.0.9)
  - SnapKit (= 5.6.0)
  - STRegex (= 2.1.1)
  - SVGKit (from `https://github.com/SVGKit/SVGKit.git`, branch `3.x`)
  - SVProgressHUD (= 2.2.5)
  - SwiftLint (= 0.50.1)

SPEC REPOS:
  trunk:
    - AppAuth
    - Atributika
    - CocoaLumberjack
    - Gifu
    - GoogleSignIn
    - GTMAppAuth
    - GTMSessionFetcher
    - IQKeyboardManagerSwift
    - Kanna
    - Nuke
    - Sentry
    - SentryPrivate
    - SkeletonUI
    - SnapKit
    - STRegex
    - SVProgressHUD
    - SwiftLint

EXTERNAL SOURCES:
  CombineSchedulers:
    :branch: main
    :git: https://github.com/ivan-magda/combine-schedulers.git
  Highlightr:
    :branch: master
    :git: https://github.com/raspu/Highlightr.git
  NukeUI:
    :git: https://github.com/kean/NukeUI.git
    :tag: 0.8.3
  PanModal:
    :branch: remove-presenting-appearance-transitions
    :git: https://github.com/ivan-magda/PanModal.git
  shared:
    :path: "../shared"
  SVGKit:
    :branch: 3.x
    :git: https://github.com/SVGKit/SVGKit.git

CHECKOUT OPTIONS:
  CombineSchedulers:
    :commit: da5080c9b736e4942c725ecdec0e7c21c7263dfa
    :git: https://github.com/ivan-magda/combine-schedulers.git
  Highlightr:
    :commit: 628094ff81cdebf31da6bf31be4b4ac758c127a4
    :git: https://github.com/raspu/Highlightr.git
  NukeUI:
    :git: https://github.com/kean/NukeUI.git
    :tag: 0.8.3
  PanModal:
    :commit: 32fc8b5868b0254a2025c9c01b24c0e4b3fe537d
    :git: https://github.com/ivan-magda/PanModal.git
  SVGKit:
    :commit: 7b51bfe8f53d8a10ab5a6b94121ff71f1215bf82
    :git: https://github.com/SVGKit/SVGKit.git

SPEC CHECKSUMS:
  AppAuth: 8fca6b5563a5baef2c04bee27538025e4ceb2add
  Atributika: 47e778507cfb3cd2c996278b0285221a62e97d71
  CocoaLumberjack: 78abfb691154e2a9df8ded4350d504ee19d90732
  CombineSchedulers: 80f670c732b4754eb011cd1147d9a08654b1c463
  Gifu: 416d4e38c4c2fed012f019e0a1d3ffcb58e5b842
  GoogleSignIn: c90b5bec45e780f54c6a8e1e3c182a86e3dda69d
  GTMAppAuth: 0ff230db599948a9ad7470ca667337803b3fc4dd
  GTMSessionFetcher: 5595ec75acf5be50814f81e9189490412bad82ba
  Highlightr: 683f05d5223cade533a78528a35c9f06e4caddf8
  IQKeyboardManagerSwift: 6e839c575c4aa1078d58a596e41244e77abe918f
  Kanna: 01cfbddc127f5ff0963692f285fcbc8a9d62d234
  Nuke: 279f17a599fd1c83cf51de5e0e1f2db143a287b0
  NukeUI: 3c7ec7b299dd99707afdc783b436f39768b4493b
  PanModal: 3e16ead1a907fb06f4df3f13492fd00149fa4974
  Sentry: 3be3f42e40e5a552935552e115744d5810a216d9
  SentryPrivate: 8c9463280e282527f938d1a5d1d60f8e10ff279b
  shared: 210f065b47c10083f8ccc49e665dec6d32c5b2d3
  SkeletonUI: b5c868e6917123e3d442d6cef9c71fe048175f3b
  SnapKit: e01d52ebb8ddbc333eefe2132acf85c8227d9c25
  STRegex: d49e88d0fe58538d3175fdd989bc1243b9be2a07
  SVGKit: 3c8468aab0026048532a3b27a0c81cdd939f0649
  SVProgressHUD: 1428aafac632c1f86f62aa4243ec12008d7a51d6
  SwiftLint: 6b0cf1f4d619808dbc16e4fab064ce6fc79f090b

PODFILE CHECKSUM: f2d08497f46768d7109ba67662306b53f674f4cb

COCOAPODS: 1.12.1
