PODS:
  - AppAuth (1.5.0):
    - AppAuth/Core (= 1.5.0)
    - AppAuth/ExternalUserAgent (= 1.5.0)
  - AppAuth/Core (1.5.0)
  - AppAuth/ExternalUserAgent (1.5.0):
    - AppAuth/Core
  - GoogleSignIn (6.1.0):
    - AppAuth (~> 1.4)
    - GTMAppAuth (~> 1.0)
    - GTMSessionFetcher/Core (~> 1.1)
  - GTMAppAuth (1.2.3):
    - AppAuth/Core (~> 1.4)
    - GTMSessionFetcher/Core (~> 1.5)
  - GTMSessionFetcher/Core (1.7.1)
  - IQKeyboardManagerSwift (6.5.9)
  - Sentry (7.13.0):
    - Sentry/Core (= 7.13.0)
  - Sentry/Core (7.13.0)
  - shared (1.0)
  - SVProgressHUD (2.2.5)
  - SwiftLint (0.47.0)

DEPENDENCIES:
  - GoogleSignIn (= 6.1.0)
  - IQKeyboardManagerSwift (= 6.5.9)
  - Sentry (= 7.13.0)
  - shared (from `../shared`)
  - SVProgressHUD (= 2.2.5)
  - SwiftLint (= 0.47.0)

SPEC REPOS:
  https://github.com/CocoaPods/Specs.git:
    - AppAuth
    - GoogleSignIn
    - GTMAppAuth
    - GTMSessionFetcher
    - IQKeyboardManagerSwift
    - Sentry
    - SVProgressHUD
    - SwiftLint

EXTERNAL SOURCES:
  shared:
    :path: "../shared"

SPEC CHECKSUMS:
  AppAuth: 80317d99ac7ff2801a2f18ff86b48cd315ed465d
  GoogleSignIn: c90b5bec45e780f54c6a8e1e3c182a86e3dda69d
  GTMAppAuth: 987526d41b07efb1bedda5e936fe0cb718a03113
  GTMSessionFetcher: 4577a4cc914a5a07c40a8a0ad0acc22080418c2d
  IQKeyboardManagerSwift: 6e839c575c4aa1078d58a596e41244e77abe918f
  Sentry: c55b9f69091e58cc48adc3c25bbca908a480e08d
  shared: 57c23201ce62604481c21dfbabc812accac99edd
  SVProgressHUD: 1428aafac632c1f86f62aa4243ec12008d7a51d6
  SwiftLint: d41cc46a2ae58ac6d9f26954bc89f1d72e71fdef

PODFILE CHECKSUM: e3502587a1b021db835d92d5c800faba4125372e

COCOAPODS: 1.11.3
